// !$*UTF8*$!
{
	archiveVersion = 1;
	classes = {
	};
	objectVersion = 46;
	objects = {
/* Begin PBXBuildFile section */
		0207DA581B56EA530066E2B4 /* Images.xcassets in Resources */ = {isa = PBXBuildFile; fileRef = 0207DA571B56EA530066E2B4 /* Images.xcassets */; };
		1D3623260D0F684500981E51 /* AppDelegate.m in Sources */ = {isa = PBXBuildFile; fileRef = 1D3623250D0F684500981E51 /* AppDelegate.m */; };
		1D60589B0D05DD56006BFB54 /* main.m in Sources */ = {isa = PBXBuildFile; fileRef = 29B97316FDCFA39411CA2CEA /* main.m */; };
		301BF552109A68D80062928A /* libCordova.a in Frameworks */ = {isa = PBXBuildFile; fileRef = 301BF535109A57CC0062928A /* libCordova.a */; };
		302D95F114D2391D003F00A1 /* MainViewController.m in Sources */ = {isa = PBXBuildFile; fileRef = 302D95EF14D2391D003F00A1 /* MainViewController.m */; };
		302D95F214D2391D003F00A1 /* MainViewController.xib in Resources */ = {isa = PBXBuildFile; fileRef = 302D95F014D2391D003F00A1 /* MainViewController.xib */; };
		3047A5121AB8059700498E2A /* build-debug.xcconfig in Resources */ = {isa = PBXBuildFile; fileRef = 3047A50F1AB8059700498E2A /* build-debug.xcconfig */; };
		3047A5131AB8059700498E2A /* build-release.xcconfig in Resources */ = {isa = PBXBuildFile; fileRef = 3047A5101AB8059700498E2A /* build-release.xcconfig */; };
		3047A5141AB8059700498E2A /* build.xcconfig in Resources */ = {isa = PBXBuildFile; fileRef = 3047A5111AB8059700498E2A /* build.xcconfig */; };
		6AFF5BF91D6E424B00AB3073 /* CDVLaunchScreen.storyboard in Resources */ = {isa = PBXBuildFile; fileRef = 6AFF5BF81D6E424B00AB3073 /* CDVLaunchScreen.storyboard */; };
		3F03AF45099A4D96AA70F129 /* CDVDevice.m in Sources */ = {isa = PBXBuildFile; fileRef = 78AD485D07294EB4828C9833 /* CDVDevice.m */; };
		A198F6F42F52456DA89BA565 /* libz.tbd in Frameworks */ = {isa = PBXBuildFile; fileRef = 5130EB7FEB044ACCA2CD663C /* libz.tbd */; };
		0242F293B21947A7A8F90F2B /* NativeClick.m in Sources */ = {isa = PBXBuildFile; fileRef = 02EEC439150C48F0A4ECF0C0 /* NativeClick.m */; };
		1A3DD62714864D07B06E0AA0 /* AudioToolbox.framework in Frameworks */ = {isa = PBXBuildFile; fileRef = A968A07C72C948E498AC6D2B /* AudioToolbox.framework */; settings = {ATTRIBUTES = (Weak, ); }; };
		62FAB9206A5346139BE2C582 /* CDVConnection.m in Sources */ = {isa = PBXBuildFile; fileRef = 69961DCE7B864784AFDA2BE0 /* CDVConnection.m */; };
		7261774569954D4B8FAA8749 /* CDVReachability.m in Sources */ = {isa = PBXBuildFile; fileRef = D0482877779741EDB35FD140 /* CDVReachability.m */; };
		BDF21167D13F42E3B86ABF02 /* SystemConfiguration.framework in Frameworks */ = {isa = PBXBuildFile; fileRef = F3C5E5391D2042D59AD1FD1E /* SystemConfiguration.framework */; settings = {ATTRIBUTES = (Weak, ); }; };
		4E014D7008524DB0BA693B0B /* CoreTelephony.framework in Frameworks */ = {isa = PBXBuildFile; fileRef = 76DDFA6FBCCA496381354F98 /* CoreTelephony.framework */; };
		0FE0AEE3277642258394A3BA /* NSString+SSURLEncoding.m in Sources */ = {isa = PBXBuildFile; fileRef = 6F4B617C653243F3BBA1474D /* NSString+SSURLEncoding.m */; };
		62840BA041E14AEB93CD3A9A /* SocialSharing.m in Sources */ = {isa = PBXBuildFile; fileRef = F3BADA5E53B040D2BFFE5458 /* SocialSharing.m */; };
		5EAFE65DC164429F99EFF05B /* Social.framework in Frameworks */ = {isa = PBXBuildFile; fileRef = 7E49E63093B04FA3B33C1035 /* Social.framework */; settings = {ATTRIBUTES = (Weak, ); }; };
		A8913518457F4D31B3EB16B6 /* MessageUI.framework in Frameworks */ = {isa = PBXBuildFile; fileRef = 52E9FF854CDF417F8139282C /* MessageUI.framework */; settings = {ATTRIBUTES = (Weak, ); }; };
		F119B5B3EE8344159FD28A22 /* CDVSplashScreen.m in Sources */ = {isa = PBXBuildFile; fileRef = D0DAD482565C48D88C42FF87 /* CDVSplashScreen.m */; };
		16DEFE2C308C41878F277B62 /* CDVViewController+SplashScreen.m in Sources */ = {isa = PBXBuildFile; fileRef = 7586348B452A4B01B0A32659 /* CDVViewController+SplashScreen.m */; };
		492FD3281F8C4648A4456F99 /* AppDelegate+FirebasePlugin.m in Sources */ = {isa = PBXBuildFile; fileRef = 6816C37837F546F1913D03D6 /* AppDelegate+FirebasePlugin.m */; };
		6DEE123E6C7A42EDA49F45E2 /* FirebasePlugin.m in Sources */ = {isa = PBXBuildFile; fileRef = B9603DD5778F485AA8DD8400 /* FirebasePlugin.m */; };
		BF2D07B85F174A8F96CD8CF7 /* GoogleService-Info.plist in Resources */ = {isa = PBXBuildFile; fileRef = A841525C23394E62A7E230E2 /* GoogleService-Info.plist */; };
		81336E9B58B74D4E9873E89D /* FirebaseAnalytics.framework in Frameworks */ = {isa = PBXBuildFile; fileRef = BFB1644884C94732B9D09104 /* FirebaseAnalytics.framework */; };
		6960A449DC7440369A366D9C /* FirebaseCore.framework in Frameworks */ = {isa = PBXBuildFile; fileRef = 2D0021779F894C439117C621 /* FirebaseCore.framework */; };
		55353F5C463642B9ADF5F09B /* FirebaseCoreDiagnostics.framework in Frameworks */ = {isa = PBXBuildFile; fileRef = A5514B6C3B9545FB87FF980C /* FirebaseCoreDiagnostics.framework */; };
		EA1C494005B4403A82F0BF0A /* FirebaseInstanceID.framework in Frameworks */ = {isa = PBXBuildFile; fileRef = 77C12144DC4B40A1B2A745A8 /* FirebaseInstanceID.framework */; };
		06828B62F19E4C8A958BFDE4 /* FirebaseNanoPB.framework in Frameworks */ = {isa = PBXBuildFile; fileRef = 933894B9CF2247C68F4ED16C /* FirebaseNanoPB.framework */; };
		4C45A3A7B0B1467FB5F41D5B /* GoogleToolboxForMac.framework in Frameworks */ = {isa = PBXBuildFile; fileRef = C42E7370BD454F0AABCFA510 /* GoogleToolboxForMac.framework */; };
		303C864757CF43F1AEF24C02 /* Protobuf.framework in Frameworks */ = {isa = PBXBuildFile; fileRef = DEEE3E6AEB8A4A4DAADDF090 /* Protobuf.framework */; };
		9B780E7C658946CFA8C8F800 /* FirebaseMessaging.framework in Frameworks */ = {isa = PBXBuildFile; fileRef = 6C9C2C78CEC74406965A1FAD /* FirebaseMessaging.framework */; };
		BD04C6641DF54401A18619A9 /* FirebaseCrash.framework in Frameworks */ = {isa = PBXBuildFile; fileRef = 26F3BD8BE92C431F95AAAA31 /* FirebaseCrash.framework */; };
		2C804015841647F29EBD1E5F /* FirebaseRemoteConfig.framework in Frameworks */ = {isa = PBXBuildFile; fileRef = E8E022800F8B4DDAA0D50E08 /* FirebaseRemoteConfig.framework */; };
		157EB12E05A74FDD9455B1C5 /* FirebaseAuth.framework in Frameworks */ = {isa = PBXBuildFile; fileRef = E4D2BE48C108496595AD13DE /* FirebaseAuth.framework */; };
		F051F6ADB2B04E0CB9F7E528 /* GTMSessionFetcher.framework in Frameworks */ = {isa = PBXBuildFile; fileRef = 78592AD21ED14B7093F8B2B5 /* GTMSessionFetcher.framework */; };
		4F0CBCCE21564016B422640C /* CDVStatusBar.m in Sources */ = {isa = PBXBuildFile; fileRef = 41451F66E97141C88C841FBF /* CDVStatusBar.m */; };
/* End PBXBuildFile section */

/* Begin PBXContainerItemProxy section */
		301BF534109A57CC0062928A /* PBXContainerItemProxy */ = {
			isa = PBXContainerItemProxy;
			containerPortal = 301BF52D109A57CC0062928A /* CordovaLib.xcodeproj */;
			proxyType = 2;
			remoteGlobalIDString = D2AAC07E0554694100DB518D;
			remoteInfo = CordovaLib;
		};
		301BF550109A68C00062928A /* PBXContainerItemProxy */ = {
			isa = PBXContainerItemProxy;
			containerPortal = 301BF52D109A57CC0062928A /* CordovaLib.xcodeproj */;
			proxyType = 1;
			remoteGlobalIDString = D2AAC07D0554694100DB518D;
			remoteInfo = CordovaLib;
		};
/* End PBXContainerItemProxy section */

/* Begin PBXFileReference section */
		0207DA571B56EA530066E2B4 /* Images.xcassets */ = {isa = PBXFileReference; lastKnownFileType = folder.assetcatalog; name = Images.xcassets; path = "Quran/Images.xcassets"; sourceTree = SOURCE_ROOT; };
		1D3623240D0F684500981E51 /* AppDelegate.h */ = {isa = PBXFileReference; fileEncoding = 4; lastKnownFileType = sourcecode.c.h; path = AppDelegate.h; sourceTree = "<group>"; };
		1D3623250D0F684500981E51 /* AppDelegate.m */ = {isa = PBXFileReference; fileEncoding = 4; lastKnownFileType = sourcecode.c.objc; path = AppDelegate.m; sourceTree = "<group>"; };
		1D6058910D05DD3D006BFB54 /* Quran.app */ = {isa = PBXFileReference; explicitFileType = wrapper.application; includeInIndex = 0; path = "Quran.app"; sourceTree = BUILT_PRODUCTS_DIR; };
		29B97316FDCFA39411CA2CEA /* main.m */ = {isa = PBXFileReference; fileEncoding = 4; lastKnownFileType = sourcecode.c.objc; path = main.m; sourceTree = "<group>"; };
		301BF52D109A57CC0062928A /* CordovaLib.xcodeproj */ = {isa = PBXFileReference; lastKnownFileType = "wrapper.pb-project"; name = CordovaLib.xcodeproj; path = CordovaLib/CordovaLib.xcodeproj; sourceTree = "<group>"; };
		301BF56E109A69640062928A /* www */ = {isa = PBXFileReference; lastKnownFileType = folder; path = www; sourceTree = SOURCE_ROOT; };
		302D95EE14D2391D003F00A1 /* MainViewController.h */ = {isa = PBXFileReference; fileEncoding = 4; lastKnownFileType = sourcecode.c.h; path = MainViewController.h; sourceTree = "<group>"; };
		302D95EF14D2391D003F00A1 /* MainViewController.m */ = {isa = PBXFileReference; fileEncoding = 4; lastKnownFileType = sourcecode.c.objc; path = MainViewController.m; sourceTree = "<group>"; };
		302D95F014D2391D003F00A1 /* MainViewController.xib */ = {isa = PBXFileReference; fileEncoding = 4; lastKnownFileType = file.xib; path = MainViewController.xib; sourceTree = "<group>"; };
		3047A50F1AB8059700498E2A /* build-debug.xcconfig */ = {isa = PBXFileReference; fileEncoding = 4; lastKnownFileType = text.xcconfig; name = "build-debug.xcconfig"; path = cordova/build-debug.xcconfig; sourceTree = SOURCE_ROOT; };
		3047A5101AB8059700498E2A /* build-release.xcconfig */ = {isa = PBXFileReference; fileEncoding = 4; lastKnownFileType = text.xcconfig; name = "build-release.xcconfig"; path = cordova/build-release.xcconfig; sourceTree = SOURCE_ROOT; };
		3047A5111AB8059700498E2A /* build.xcconfig */ = {isa = PBXFileReference; fileEncoding = 4; lastKnownFileType = text.xcconfig; name = build.xcconfig; path = cordova/build.xcconfig; sourceTree = SOURCE_ROOT; };
		32CA4F630368D1EE00C91783 /* Quran-Prefix.pch */ = {isa = PBXFileReference; fileEncoding = 4; lastKnownFileType = sourcecode.c.h; path = "Quran-Prefix.pch"; sourceTree = "<group>"; };
		6AFF5BF81D6E424B00AB3073 /* CDVLaunchScreen.storyboard */ = {isa = PBXFileReference; fileEncoding = 4; lastKnownFileType = file.storyboard; name = CDVLaunchScreen.storyboard; path = "Quran/CDVLaunchScreen.storyboard"; sourceTree = SOURCE_ROOT; };
		8D1107310486CEB800E47090 /* Quran-Info.plist */ = {isa = PBXFileReference; fileEncoding = 4; lastKnownFileType = text.plist.xml; name = "Quran-Info.plist"; path = "Quran/Quran-Info.plist"; plistStructureDefinitionIdentifier = "com.apple.xcode.plist.structure-definition.iphone.info-plist"; sourceTree = SOURCE_ROOT; };
		EB87FDF31871DA8E0020F90C /* www */ = {isa = PBXFileReference; lastKnownFileType = folder; name = www; path = ../../www; sourceTree = "<group>"; };
		EB87FDF41871DAF40020F90C /* config.xml */ = {isa = PBXFileReference; lastKnownFileType = text.xml; name = config.xml; path = ../../config.xml; sourceTree = "<group>"; };
		F840E1F0165FE0F500CFE078 /* config.xml */ = {isa = PBXFileReference; lastKnownFileType = text.xml; name = config.xml; path = "Quran/config.xml"; sourceTree = "<group>"; };
		ED33DF2A687741AEAF9F8254 /* Bridging-Header.h */ = {isa = PBXFileReference; fileEncoding = 4; lastKnownFileType = sourcecode.c.h; name = "Bridging-Header.h"; path = "Bridging-Header.h"; sourceTree = "<group>"; };
		78AD485D07294EB4828C9833 /* CDVDevice.m */ = {isa = PBXFileReference; name = "CDVDevice.m"; path = "cordova-plugin-device/CDVDevice.m"; sourceTree = "<group>"; fileEncoding = 4; lastKnownFileType = sourcecode.c.objc; explicitFileType = undefined; includeInIndex = 0; };
		FCF478F9AA6949F5928AB05F /* CDVDevice.h */ = {isa = PBXFileReference; name = "CDVDevice.h"; path = "cordova-plugin-device/CDVDevice.h"; sourceTree = "<group>"; fileEncoding = 4; lastKnownFileType = sourcecode.c.h; explicitFileType = undefined; includeInIndex = 0; };
		5130EB7FEB044ACCA2CD663C /* libz.tbd */ = {isa = PBXFileReference; name = "libz.tbd"; path = "usr/lib/libz.tbd"; sourceTree = SDKROOT; fileEncoding = undefined; lastKnownFileType = sourcecode.text-based-dylib-definition; explicitFileType = undefined; includeInIndex = 0; };
		02EEC439150C48F0A4ECF0C0 /* NativeClick.m */ = {isa = PBXFileReference; name = "NativeClick.m"; path = "cordova-plugin-nativeclicksound/NativeClick.m"; sourceTree = "<group>"; fileEncoding = 4; lastKnownFileType = sourcecode.c.objc; explicitFileType = undefined; includeInIndex = 0; };
		DB748BAC2DC2452483EC4B9B /* NativeClick.h */ = {isa = PBXFileReference; name = "NativeClick.h"; path = "cordova-plugin-nativeclicksound/NativeClick.h"; sourceTree = "<group>"; fileEncoding = 4; lastKnownFileType = sourcecode.c.h; explicitFileType = undefined; includeInIndex = 0; };
		A968A07C72C948E498AC6D2B /* AudioToolbox.framework */ = {isa = PBXFileReference; name = "AudioToolbox.framework"; path = "System/Library/Frameworks/AudioToolbox.framework"; sourceTree = SDKROOT; fileEncoding = undefined; lastKnownFileType = wrapper.framework; explicitFileType = undefined; includeInIndex = 0; };
		69961DCE7B864784AFDA2BE0 /* CDVConnection.m */ = {isa = PBXFileReference; name = "CDVConnection.m"; path = "cordova-plugin-network-information/CDVConnection.m"; sourceTree = "<group>"; fileEncoding = 4; lastKnownFileType = sourcecode.c.objc; explicitFileType = undefined; includeInIndex = 0; };
		D0482877779741EDB35FD140 /* CDVReachability.m */ = {isa = PBXFileReference; name = "CDVReachability.m"; path = "cordova-plugin-network-information/CDVReachability.m"; sourceTree = "<group>"; fileEncoding = 4; lastKnownFileType = sourcecode.c.objc; explicitFileType = undefined; includeInIndex = 0; };
		429E4AC2D1D04186A3B70D67 /* CDVConnection.h */ = {isa = PBXFileReference; name = "CDVConnection.h"; path = "cordova-plugin-network-information/CDVConnection.h"; sourceTree = "<group>"; fileEncoding = 4; lastKnownFileType = sourcecode.c.h; explicitFileType = undefined; includeInIndex = 0; };
		37807E968C784C3F826A00E7 /* CDVReachability.h */ = {isa = PBXFileReference; name = "CDVReachability.h"; path = "cordova-plugin-network-information/CDVReachability.h"; sourceTree = "<group>"; fileEncoding = 4; lastKnownFileType = sourcecode.c.h; explicitFileType = undefined; includeInIndex = 0; };
		F3C5E5391D2042D59AD1FD1E /* SystemConfiguration.framework */ = {isa = PBXFileReference; name = "SystemConfiguration.framework"; path = "System/Library/Frameworks/SystemConfiguration.framework"; sourceTree = SDKROOT; fileEncoding = undefined; lastKnownFileType = wrapper.framework; explicitFileType = undefined; includeInIndex = 0; };
		76DDFA6FBCCA496381354F98 /* CoreTelephony.framework */ = {isa = PBXFileReference; name = "CoreTelephony.framework"; path = "System/Library/Frameworks/CoreTelephony.framework"; sourceTree = SDKROOT; fileEncoding = undefined; lastKnownFileType = wrapper.framework; explicitFileType = undefined; includeInIndex = 0; };
		6F4B617C653243F3BBA1474D /* NSString+SSURLEncoding.m */ = {isa = PBXFileReference; name = "NSString+SSURLEncoding.m"; path = "cordova-plugin-x-socialsharing/NSString+SSURLEncoding.m"; sourceTree = "<group>"; fileEncoding = 4; lastKnownFileType = sourcecode.c.objc; explicitFileType = undefined; includeInIndex = 0; };
		F3BADA5E53B040D2BFFE5458 /* SocialSharing.m */ = {isa = PBXFileReference; name = "SocialSharing.m"; path = "cordova-plugin-x-socialsharing/SocialSharing.m"; sourceTree = "<group>"; fileEncoding = 4; lastKnownFileType = sourcecode.c.objc; explicitFileType = undefined; includeInIndex = 0; };
		C3A622B409704E8D9852B234 /* NSString+SSURLEncoding.h */ = {isa = PBXFileReference; name = "NSString+SSURLEncoding.h"; path = "cordova-plugin-x-socialsharing/NSString+SSURLEncoding.h"; sourceTree = "<group>"; fileEncoding = 4; lastKnownFileType = sourcecode.c.h; explicitFileType = undefined; includeInIndex = 0; };
		25FBC70A3EF14DD3A003B435 /* SocialSharing.h */ = {isa = PBXFileReference; name = "SocialSharing.h"; path = "cordova-plugin-x-socialsharing/SocialSharing.h"; sourceTree = "<group>"; fileEncoding = 4; lastKnownFileType = sourcecode.c.h; explicitFileType = undefined; includeInIndex = 0; };
		7E49E63093B04FA3B33C1035 /* Social.framework */ = {isa = PBXFileReference; name = "Social.framework"; path = "System/Library/Frameworks/Social.framework"; sourceTree = SDKROOT; fileEncoding = undefined; lastKnownFileType = wrapper.framework; explicitFileType = undefined; includeInIndex = 0; };
		52E9FF854CDF417F8139282C /* MessageUI.framework */ = {isa = PBXFileReference; name = "MessageUI.framework"; path = "System/Library/Frameworks/MessageUI.framework"; sourceTree = SDKROOT; fileEncoding = undefined; lastKnownFileType = wrapper.framework; explicitFileType = undefined; includeInIndex = 0; };
		D0DAD482565C48D88C42FF87 /* CDVSplashScreen.m */ = {isa = PBXFileReference; name = "CDVSplashScreen.m"; path = "cordova-plugin-splashscreen/CDVSplashScreen.m"; sourceTree = "<group>"; fileEncoding = 4; lastKnownFileType = sourcecode.c.objc; explicitFileType = undefined; includeInIndex = 0; };
		7586348B452A4B01B0A32659 /* CDVViewController+SplashScreen.m */ = {isa = PBXFileReference; name = "CDVViewController+SplashScreen.m"; path = "cordova-plugin-splashscreen/CDVViewController+SplashScreen.m"; sourceTree = "<group>"; fileEncoding = 4; lastKnownFileType = sourcecode.c.objc; explicitFileType = undefined; includeInIndex = 0; };
		0EEC80CC4835413283ED8DA2 /* CDVSplashScreen.h */ = {isa = PBXFileReference; name = "CDVSplashScreen.h"; path = "cordova-plugin-splashscreen/CDVSplashScreen.h"; sourceTree = "<group>"; fileEncoding = 4; lastKnownFileType = sourcecode.c.h; explicitFileType = undefined; includeInIndex = 0; };
		340A1B0239D042639A9B39DD /* CDVViewController+SplashScreen.h */ = {isa = PBXFileReference; name = "CDVViewController+SplashScreen.h"; path = "cordova-plugin-splashscreen/CDVViewController+SplashScreen.h"; sourceTree = "<group>"; fileEncoding = 4; lastKnownFileType = sourcecode.c.h; explicitFileType = undefined; includeInIndex = 0; };
		6816C37837F546F1913D03D6 /* AppDelegate+FirebasePlugin.m */ = {isa = PBXFileReference; name = "AppDelegate+FirebasePlugin.m"; path = "cordova-plugin-firebase/AppDelegate+FirebasePlugin.m"; sourceTree = "<group>"; fileEncoding = 4; lastKnownFileType = sourcecode.c.objc; explicitFileType = undefined; includeInIndex = 0; };
		B9603DD5778F485AA8DD8400 /* FirebasePlugin.m */ = {isa = PBXFileReference; name = "FirebasePlugin.m"; path = "cordova-plugin-firebase/FirebasePlugin.m"; sourceTree = "<group>"; fileEncoding = 4; lastKnownFileType = sourcecode.c.objc; explicitFileType = undefined; includeInIndex = 0; };
		022A55F16C1643579894B070 /* AppDelegate+FirebasePlugin.h */ = {isa = PBXFileReference; name = "AppDelegate+FirebasePlugin.h"; path = "cordova-plugin-firebase/AppDelegate+FirebasePlugin.h"; sourceTree = "<group>"; fileEncoding = 4; lastKnownFileType = sourcecode.c.h; explicitFileType = undefined; includeInIndex = 0; };
		27F9695E723246A8BB4D7395 /* FirebasePlugin.h */ = {isa = PBXFileReference; name = "FirebasePlugin.h"; path = "cordova-plugin-firebase/FirebasePlugin.h"; sourceTree = "<group>"; fileEncoding = 4; lastKnownFileType = sourcecode.c.h; explicitFileType = undefined; includeInIndex = 0; };
		019742470DBA417F880F8B52 /* Firebase.h */ = {isa = PBXFileReference; name = "Firebase.h"; path = "cordova-plugin-firebase/Firebase.h"; sourceTree = "<group>"; fileEncoding = 4; lastKnownFileType = sourcecode.c.h; explicitFileType = undefined; includeInIndex = 0; };
		A841525C23394E62A7E230E2 /* GoogleService-Info.plist */ = {isa = PBXFileReference; name = "GoogleService-Info.plist"; path = "GoogleService-Info.plist"; sourceTree = "<group>"; fileEncoding = 4; lastKnownFileType = text.plist.xml; explicitFileType = undefined; includeInIndex = 0; };
		BFB1644884C94732B9D09104 /* FirebaseAnalytics.framework */ = {isa = PBXFileReference; name = "FirebaseAnalytics.framework"; path = "Quran/Plugins/cordova-plugin-firebase/FirebaseAnalytics.framework"; sourceTree = "<group>"; fileEncoding = undefined; lastKnownFileType = wrapper.framework; explicitFileType = undefined; includeInIndex = 0; };
		2D0021779F894C439117C621 /* FirebaseCore.framework */ = {isa = PBXFileReference; name = "FirebaseCore.framework"; path = "Quran/Plugins/cordova-plugin-firebase/FirebaseCore.framework"; sourceTree = "<group>"; fileEncoding = undefined; lastKnownFileType = wrapper.framework; explicitFileType = undefined; includeInIndex = 0; };
		A5514B6C3B9545FB87FF980C /* FirebaseCoreDiagnostics.framework */ = {isa = PBXFileReference; name = "FirebaseCoreDiagnostics.framework"; path = "Quran/Plugins/cordova-plugin-firebase/FirebaseCoreDiagnostics.framework"; sourceTree = "<group>"; fileEncoding = undefined; lastKnownFileType = wrapper.framework; explicitFileType = undefined; includeInIndex = 0; };
		77C12144DC4B40A1B2A745A8 /* FirebaseInstanceID.framework */ = {isa = PBXFileReference; name = "FirebaseInstanceID.framework"; path = "Quran/Plugins/cordova-plugin-firebase/FirebaseInstanceID.framework"; sourceTree = "<group>"; fileEncoding = undefined; lastKnownFileType = wrapper.framework; explicitFileType = undefined; includeInIndex = 0; };
		933894B9CF2247C68F4ED16C /* FirebaseNanoPB.framework */ = {isa = PBXFileReference; name = "FirebaseNanoPB.framework"; path = "Quran/Plugins/cordova-plugin-firebase/FirebaseNanoPB.framework"; sourceTree = "<group>"; fileEncoding = undefined; lastKnownFileType = wrapper.framework; explicitFileType = undefined; includeInIndex = 0; };
		C42E7370BD454F0AABCFA510 /* GoogleToolboxForMac.framework */ = {isa = PBXFileReference; name = "GoogleToolboxForMac.framework"; path = "Quran/Plugins/cordova-plugin-firebase/GoogleToolboxForMac.framework"; sourceTree = "<group>"; fileEncoding = undefined; lastKnownFileType = wrapper.framework; explicitFileType = undefined; includeInIndex = 0; };
		DEEE3E6AEB8A4A4DAADDF090 /* Protobuf.framework */ = {isa = PBXFileReference; name = "Protobuf.framework"; path = "Quran/Plugins/cordova-plugin-firebase/Protobuf.framework"; sourceTree = "<group>"; fileEncoding = undefined; lastKnownFileType = wrapper.framework; explicitFileType = undefined; includeInIndex = 0; };
		6C9C2C78CEC74406965A1FAD /* FirebaseMessaging.framework */ = {isa = PBXFileReference; name = "FirebaseMessaging.framework"; path = "Quran/Plugins/cordova-plugin-firebase/FirebaseMessaging.framework"; sourceTree = "<group>"; fileEncoding = undefined; lastKnownFileType = wrapper.framework; explicitFileType = undefined; includeInIndex = 0; };
		26F3BD8BE92C431F95AAAA31 /* FirebaseCrash.framework */ = {isa = PBXFileReference; name = "FirebaseCrash.framework"; path = "Quran/Plugins/cordova-plugin-firebase/FirebaseCrash.framework"; sourceTree = "<group>"; fileEncoding = undefined; lastKnownFileType = wrapper.framework; explicitFileType = undefined; includeInIndex = 0; };
		E8E022800F8B4DDAA0D50E08 /* FirebaseRemoteConfig.framework */ = {isa = PBXFileReference; name = "FirebaseRemoteConfig.framework"; path = "Quran/Plugins/cordova-plugin-firebase/FirebaseRemoteConfig.framework"; sourceTree = "<group>"; fileEncoding = undefined; lastKnownFileType = wrapper.framework; explicitFileType = undefined; includeInIndex = 0; };
		E4D2BE48C108496595AD13DE /* FirebaseAuth.framework */ = {isa = PBXFileReference; name = "FirebaseAuth.framework"; path = "Quran/Plugins/cordova-plugin-firebase/FirebaseAuth.framework"; sourceTree = "<group>"; fileEncoding = undefined; lastKnownFileType = wrapper.framework; explicitFileType = undefined; includeInIndex = 0; };
		78592AD21ED14B7093F8B2B5 /* GTMSessionFetcher.framework */ = {isa = PBXFileReference; name = "GTMSessionFetcher.framework"; path = "Quran/Plugins/cordova-plugin-firebase/GTMSessionFetcher.framework"; sourceTree = "<group>"; fileEncoding = undefined; lastKnownFileType = wrapper.framework; explicitFileType = undefined; includeInIndex = 0; };
		41451F66E97141C88C841FBF /* CDVStatusBar.m */ = {isa = PBXFileReference; name = "CDVStatusBar.m"; path = "cordova-plugin-statusbar/CDVStatusBar.m"; sourceTree = "<group>"; fileEncoding = 4; lastKnownFileType = sourcecode.c.objc; explicitFileType = undefined; includeInIndex = 0; };
		B2C92B045E1F44519FE4C24C /* CDVStatusBar.h */ = {isa = PBXFileReference; name = "CDVStatusBar.h"; path = "cordova-plugin-statusbar/CDVStatusBar.h"; sourceTree = "<group>"; fileEncoding = 4; lastKnownFileType = sourcecode.c.h; explicitFileType = undefined; includeInIndex = 0; };
/* End PBXFileReference section */

/* Begin PBXFrameworksBuildPhase section */
		1D60588F0D05DD3D006BFB54 /* Frameworks */ = {
			isa = PBXFrameworksBuildPhase;
			buildActionMask = 2147483647;
			files = (
				301BF552109A68D80062928A /* libCordova.a in Frameworks */,
				A198F6F42F52456DA89BA565 /* libz.tbd in Frameworks */,
				1A3DD62714864D07B06E0AA0 /* AudioToolbox.framework in Frameworks */,
				BDF21167D13F42E3B86ABF02 /* SystemConfiguration.framework in Frameworks */,
				4E014D7008524DB0BA693B0B /* CoreTelephony.framework in Frameworks */,
				5EAFE65DC164429F99EFF05B /* Social.framework in Frameworks */,
				A8913518457F4D31B3EB16B6 /* MessageUI.framework in Frameworks */,
				81336E9B58B74D4E9873E89D /* FirebaseAnalytics.framework in Frameworks */,
				6960A449DC7440369A366D9C /* FirebaseCore.framework in Frameworks */,
				55353F5C463642B9ADF5F09B /* FirebaseCoreDiagnostics.framework in Frameworks */,
				EA1C494005B4403A82F0BF0A /* FirebaseInstanceID.framework in Frameworks */,
				06828B62F19E4C8A958BFDE4 /* FirebaseNanoPB.framework in Frameworks */,
				4C45A3A7B0B1467FB5F41D5B /* GoogleToolboxForMac.framework in Frameworks */,
				303C864757CF43F1AEF24C02 /* Protobuf.framework in Frameworks */,
				9B780E7C658946CFA8C8F800 /* FirebaseMessaging.framework in Frameworks */,
				BD04C6641DF54401A18619A9 /* FirebaseCrash.framework in Frameworks */,
				2C804015841647F29EBD1E5F /* FirebaseRemoteConfig.framework in Frameworks */,
				157EB12E05A74FDD9455B1C5 /* FirebaseAuth.framework in Frameworks */,
				F051F6ADB2B04E0CB9F7E528 /* GTMSessionFetcher.framework in Frameworks */,
			);
			runOnlyForDeploymentPostprocessing = 0;
		};
/* End PBXFrameworksBuildPhase section */

/* Begin PBXGroup section */
		080E96DDFE201D6D7F000001 /* Classes */ = {
			isa = PBXGroup;
			children = (
				302D95EE14D2391D003F00A1 /* MainViewController.h */,
				302D95EF14D2391D003F00A1 /* MainViewController.m */,
				302D95F014D2391D003F00A1 /* MainViewController.xib */,
				1D3623240D0F684500981E51 /* AppDelegate.h */,
				1D3623250D0F684500981E51 /* AppDelegate.m */,
			);
			name = Classes;
			path = "Quran/Classes";
			sourceTree = SOURCE_ROOT;
		};
		19C28FACFE9D520D11CA2CBB /* Products */ = {
			isa = PBXGroup;
			children = (
				1D6058910D05DD3D006BFB54 /* Quran.app */,
			);
			name = Products;
			sourceTree = "<group>";
		};
		29B97314FDCFA39411CA2CEA /* CustomTemplate */ = {
			isa = PBXGroup;
			children = (
				EB87FDF41871DAF40020F90C /* config.xml */,
				EB87FDF31871DA8E0020F90C /* www */,
				EB87FDF11871DA420020F90C /* Staging */,
				301BF52D109A57CC0062928A /* CordovaLib.xcodeproj */,
				080E96DDFE201D6D7F000001 /* Classes */,
				307C750510C5A3420062BCA9 /* Plugins */,
				29B97315FDCFA39411CA2CEA /* Other Sources */,
				29B97317FDCFA39411CA2CEA /* Resources */,
				29B97323FDCFA39411CA2CEA /* Frameworks */,
				19C28FACFE9D520D11CA2CBB /* Products */,
			);
			name = CustomTemplate;
			sourceTree = "<group>";
		};
		29B97315FDCFA39411CA2CEA /* Other Sources */ = {
			isa = PBXGroup;
			children = (
				32CA4F630368D1EE00C91783 /* Quran-Prefix.pch */,
				29B97316FDCFA39411CA2CEA /* main.m */,
				ED33DF2A687741AEAF9F8254 /* Bridging-Header.h */,
			);
			name = "Other Sources";
			path = "Quran";
			sourceTree = "<group>";
		};
		29B97317FDCFA39411CA2CEA /* Resources */ = {
			isa = PBXGroup;
			children = (
				0207DA571B56EA530066E2B4 /* Images.xcassets */,
				3047A50E1AB8057F00498E2A /* config */,
				8D1107310486CEB800E47090 /* Quran-Info.plist */,
				6AFF5BF81D6E424B00AB3073 /* CDVLaunchScreen.storyboard */,
				A841525C23394E62A7E230E2 /* GoogleService-Info.plist */,
			);
			name = Resources;
			path = "Quran/Resources";
			sourceTree = "<group>";
		};
		29B97323FDCFA39411CA2CEA /* Frameworks */ = {
			isa = PBXGroup;
			children = (
				5130EB7FEB044ACCA2CD663C /* libz.tbd */,
				A968A07C72C948E498AC6D2B /* AudioToolbox.framework */,
				F3C5E5391D2042D59AD1FD1E /* SystemConfiguration.framework */,
				76DDFA6FBCCA496381354F98 /* CoreTelephony.framework */,
				7E49E63093B04FA3B33C1035 /* Social.framework */,
				52E9FF854CDF417F8139282C /* MessageUI.framework */,
				BFB1644884C94732B9D09104 /* FirebaseAnalytics.framework */,
				2D0021779F894C439117C621 /* FirebaseCore.framework */,
				A5514B6C3B9545FB87FF980C /* FirebaseCoreDiagnostics.framework */,
				77C12144DC4B40A1B2A745A8 /* FirebaseInstanceID.framework */,
				933894B9CF2247C68F4ED16C /* FirebaseNanoPB.framework */,
				C42E7370BD454F0AABCFA510 /* GoogleToolboxForMac.framework */,
				DEEE3E6AEB8A4A4DAADDF090 /* Protobuf.framework */,
				6C9C2C78CEC74406965A1FAD /* FirebaseMessaging.framework */,
				26F3BD8BE92C431F95AAAA31 /* FirebaseCrash.framework */,
				E8E022800F8B4DDAA0D50E08 /* FirebaseRemoteConfig.framework */,
				E4D2BE48C108496595AD13DE /* FirebaseAuth.framework */,
				78592AD21ED14B7093F8B2B5 /* GTMSessionFetcher.framework */,
			);
			name = Frameworks;
			sourceTree = "<group>";
		};
		301BF52E109A57CC0062928A /* Products */ = {
			isa = PBXGroup;
			children = (
				301BF535109A57CC0062928A /* libCordova.a */,
			);
			name = Products;
			sourceTree = "<group>";
		};
		3047A50E1AB8057F00498E2A /* config */ = {
			isa = PBXGroup;
			children = (
				3047A50F1AB8059700498E2A /* build-debug.xcconfig */,
				3047A5101AB8059700498E2A /* build-release.xcconfig */,
				3047A5111AB8059700498E2A /* build.xcconfig */,
			);
			name = config;
			sourceTree = "<group>";
		};
		307C750510C5A3420062BCA9 /* Plugins */ = {
			isa = PBXGroup;
			children = (
				78AD485D07294EB4828C9833 /* CDVDevice.m */,
				FCF478F9AA6949F5928AB05F /* CDVDevice.h */,
				02EEC439150C48F0A4ECF0C0 /* NativeClick.m */,
				DB748BAC2DC2452483EC4B9B /* NativeClick.h */,
				69961DCE7B864784AFDA2BE0 /* CDVConnection.m */,
				D0482877779741EDB35FD140 /* CDVReachability.m */,
				429E4AC2D1D04186A3B70D67 /* CDVConnection.h */,
				37807E968C784C3F826A00E7 /* CDVReachability.h */,
				6F4B617C653243F3BBA1474D /* NSString+SSURLEncoding.m */,
				F3BADA5E53B040D2BFFE5458 /* SocialSharing.m */,
				C3A622B409704E8D9852B234 /* NSString+SSURLEncoding.h */,
				25FBC70A3EF14DD3A003B435 /* SocialSharing.h */,
				D0DAD482565C48D88C42FF87 /* CDVSplashScreen.m */,
				7586348B452A4B01B0A32659 /* CDVViewController+SplashScreen.m */,
				0EEC80CC4835413283ED8DA2 /* CDVSplashScreen.h */,
				340A1B0239D042639A9B39DD /* CDVViewController+SplashScreen.h */,
				6816C37837F546F1913D03D6 /* AppDelegate+FirebasePlugin.m */,
				B9603DD5778F485AA8DD8400 /* FirebasePlugin.m */,
				022A55F16C1643579894B070 /* AppDelegate+FirebasePlugin.h */,
				27F9695E723246A8BB4D7395 /* FirebasePlugin.h */,
				019742470DBA417F880F8B52 /* Firebase.h */,
				41451F66E97141C88C841FBF /* CDVStatusBar.m */,
				B2C92B045E1F44519FE4C24C /* CDVStatusBar.h */,
			);
			name = Plugins;
			path = "Quran/Plugins";
			sourceTree = SOURCE_ROOT;
		};
		EB87FDF11871DA420020F90C /* Staging */ = {
			isa = PBXGroup;
			children = (
				F840E1F0165FE0F500CFE078 /* config.xml */,
				301BF56E109A69640062928A /* www */,
			);
			name = Staging;
			sourceTree = "<group>";
		};
/* End PBXGroup section */

/* Begin PBXNativeTarget section */
		1D6058900D05DD3D006BFB54 /* Quran */ = {
			isa = PBXNativeTarget;
			buildConfigurationList = 1D6058960D05DD3E006BFB54 /* Build configuration list for PBXNativeTarget "Quran" */;
			buildPhases = (
				304B58A110DAC018002A0835 /* Copy www directory */,
				1D60588D0D05DD3D006BFB54 /* Resources */,
				1D60588E0D05DD3D006BFB54 /* Sources */,
				1D60588F0D05DD3D006BFB54 /* Frameworks */,
			);
			buildRules = (
			);
			dependencies = (
				301BF551109A68C00062928A /* PBXTargetDependency */,
			);
			name = "Quran";
			productName = "Quran";
			productReference = 1D6058910D05DD3D006BFB54 /* Quran.app */;
			productType = "com.apple.product-type.application";
		};
/* End PBXNativeTarget section */

/* Begin PBXProject section */
		29B97313FDCFA39411CA2CEA /* Project object */ = {
			isa = PBXProject;
			attributes = {
				LastUpgradeCheck = 510;
			};
			buildConfigurationList = C01FCF4E08A954540054247B /* Build configuration list for PBXProject "__NON-CLI__" */;
			compatibilityVersion = "Xcode 3.2";
			developmentRegion = English;
			hasScannedForEncodings = 1;
			mainGroup = 29B97314FDCFA39411CA2CEA /* CustomTemplate */;
			projectDirPath = "";
			projectReferences = (
				{
					ProductGroup = 301BF52E109A57CC0062928A /* Products */;
					ProjectRef = 301BF52D109A57CC0062928A /* CordovaLib.xcodeproj */;
				},
			);
			projectRoot = "";
			targets = (
				1D6058900D05DD3D006BFB54 /* Quran */,
			);
		};
/* End PBXProject section */

/* Begin PBXReferenceProxy section */
		301BF535109A57CC0062928A /* libCordova.a */ = {
			isa = PBXReferenceProxy;
			fileType = archive.ar;
			path = libCordova.a;
			remoteRef = 301BF534109A57CC0062928A /* PBXContainerItemProxy */;
			sourceTree = BUILT_PRODUCTS_DIR;
		};
/* End PBXReferenceProxy section */

/* Begin PBXResourcesBuildPhase section */
		1D60588D0D05DD3D006BFB54 /* Resources */ = {
			isa = PBXResourcesBuildPhase;
			buildActionMask = 2147483647;
			files = (
				302D95F214D2391D003F00A1 /* MainViewController.xib in Resources */,
				0207DA581B56EA530066E2B4 /* Images.xcassets in Resources */,
				6AFF5BF91D6E424B00AB3073 /* CDVLaunchScreen.storyboard in Resources */,
				BF2D07B85F174A8F96CD8CF7 /* GoogleService-Info.plist in Resources */,
			);
			runOnlyForDeploymentPostprocessing = 0;
		};
/* End PBXResourcesBuildPhase section */

/* Begin PBXShellScriptBuildPhase section */
		304B58A110DAC018002A0835 /* Copy www directory */ = {
			isa = PBXShellScriptBuildPhase;
			buildActionMask = 2147483647;
			files = (
			);
			inputPaths = (
			);
			name = "Copy www directory";
			outputPaths = (
			);
			runOnlyForDeploymentPostprocessing = 0;
			shellPath = /bin/sh;
			shellScript = "NODEJS_PATH=/usr/local/bin; NVM_NODE_PATH=~/.nvm/versions/node/`nvm version 2>/dev/null`/bin; N_NODE_PATH=`find /usr/local/n/versions/node/* -maxdepth 0 -type d 2>/dev/null | tail -1`/bin; XCODE_NODE_PATH=`xcode-select --print-path`/usr/share/xcs/Node/bin; PATH=$NODEJS_PATH:$NVM_NODE_PATH:$N_NODE_PATH:$XCODE_NODE_PATH:$PATH && node cordova/lib/copy-www-build-step.js";
			showEnvVarsInLog = 0;
		};
/* End PBXShellScriptBuildPhase section */

/* Begin PBXSourcesBuildPhase section */
		1D60588E0D05DD3D006BFB54 /* Sources */ = {
			isa = PBXSourcesBuildPhase;
			buildActionMask = 2147483647;
			files = (
				1D60589B0D05DD56006BFB54 /* main.m in Sources */,
				1D3623260D0F684500981E51 /* AppDelegate.m in Sources */,
				302D95F114D2391D003F00A1 /* MainViewController.m in Sources */,
				3F03AF45099A4D96AA70F129 /* CDVDevice.m in Sources */,
				0242F293B21947A7A8F90F2B /* NativeClick.m in Sources */,
				62FAB9206A5346139BE2C582 /* CDVConnection.m in Sources */,
				7261774569954D4B8FAA8749 /* CDVReachability.m in Sources */,
				0FE0AEE3277642258394A3BA /* NSString+SSURLEncoding.m in Sources */,
				62840BA041E14AEB93CD3A9A /* SocialSharing.m in Sources */,
				F119B5B3EE8344159FD28A22 /* CDVSplashScreen.m in Sources */,
				16DEFE2C308C41878F277B62 /* CDVViewController+SplashScreen.m in Sources */,
				492FD3281F8C4648A4456F99 /* AppDelegate+FirebasePlugin.m in Sources */,
				6DEE123E6C7A42EDA49F45E2 /* FirebasePlugin.m in Sources */,
				4F0CBCCE21564016B422640C /* CDVStatusBar.m in Sources */,
			);
			runOnlyForDeploymentPostprocessing = 0;
		};
/* End PBXSourcesBuildPhase section */

/* Begin PBXTargetDependency section */
		301BF551109A68C00062928A /* PBXTargetDependency */ = {
			isa = PBXTargetDependency;
			name = CordovaLib;
			targetProxy = 301BF550109A68C00062928A /* PBXContainerItemProxy */;
		};
/* End PBXTargetDependency section */

/* Begin XCBuildConfiguration section */
		1D6058940D05DD3E006BFB54 /* Debug */ = {
			isa = XCBuildConfiguration;
			baseConfigurationReference = 3047A50F1AB8059700498E2A /* build-debug.xcconfig */;
			buildSettings = {
				ALWAYS_SEARCH_USER_PATHS = NO;
				ASSETCATALOG_COMPILER_APPICON_NAME = AppIcon;
				ASSETCATALOG_COMPILER_LAUNCHIMAGE_NAME = LaunchImage;
				CLANG_ENABLE_MODULES = YES;
				CLANG_ENABLE_OBJC_ARC = YES;
				COPY_PHASE_STRIP = NO;
				GCC_DYNAMIC_NO_PIC = NO;
				GCC_OPTIMIZATION_LEVEL = 0;
				GCC_PRECOMPILE_PREFIX_HEADER = YES;
				GCC_PREFIX_HEADER = "Quran/Quran-Prefix.pch";
				GCC_THUMB_SUPPORT = NO;
				GCC_VERSION = "";
				INFOPLIST_FILE = "Quran/Quran-Info.plist";
				IPHONEOS_DEPLOYMENT_TARGET = 9.0;
				LD_RUNPATH_SEARCH_PATHS = "@executable_path/Frameworks";
				TARGETED_DEVICE_FAMILY = "1,2";
				PRODUCT_NAME = "Quran";
				FRAMEWORK_SEARCH_PATHS = (
					"$(inherited)",
					"\"Quran/Plugins/cordova-plugin-firebase\"",
					"\"Quran/Plugins/cordova-plugin-firebase\"",
					"\"Quran/Plugins/cordova-plugin-firebase\"",
					"\"Quran/Plugins/cordova-plugin-firebase\"",
					"\"Quran/Plugins/cordova-plugin-firebase\"",
					"\"Quran/Plugins/cordova-plugin-firebase\"",
					"\"Quran/Plugins/cordova-plugin-firebase\"",
					"\"Quran/Plugins/cordova-plugin-firebase\"",
					"\"Quran/Plugins/cordova-plugin-firebase\"",
					"\"Quran/Plugins/cordova-plugin-firebase\"",
					"\"Quran/Plugins/cordova-plugin-firebase\"",
					"\"Quran/Plugins/cordova-plugin-firebase\"",
				);
			};
			name = Debug;
		};
		1D6058950D05DD3E006BFB54 /* Release */ = {
			isa = XCBuildConfiguration;
			baseConfigurationReference = 3047A5101AB8059700498E2A /* build-release.xcconfig */;
			buildSettings = {
				ALWAYS_SEARCH_USER_PATHS = NO;
				ASSETCATALOG_COMPILER_APPICON_NAME = AppIcon;
				ASSETCATALOG_COMPILER_LAUNCHIMAGE_NAME = LaunchImage;
				CLANG_ENABLE_MODULES = YES;
				CLANG_ENABLE_OBJC_ARC = YES;
				COPY_PHASE_STRIP = YES;
				GCC_PRECOMPILE_PREFIX_HEADER = YES;
				GCC_PREFIX_HEADER = "Quran/Quran-Prefix.pch";
				GCC_THUMB_SUPPORT = NO;
				GCC_VERSION = "";
				INFOPLIST_FILE = "Quran/Quran-Info.plist";
				IPHONEOS_DEPLOYMENT_TARGET = 9.0;
				LD_RUNPATH_SEARCH_PATHS = "@executable_path/Frameworks";
				TARGETED_DEVICE_FAMILY = "1,2";
				PRODUCT_NAME = "Quran";
				FRAMEWORK_SEARCH_PATHS = (
					"$(inherited)",
					"\"Quran/Plugins/cordova-plugin-firebase\"",
					"\"Quran/Plugins/cordova-plugin-firebase\"",
					"\"Quran/Plugins/cordova-plugin-firebase\"",
					"\"Quran/Plugins/cordova-plugin-firebase\"",
					"\"Quran/Plugins/cordova-plugin-firebase\"",
					"\"Quran/Plugins/cordova-plugin-firebase\"",
					"\"Quran/Plugins/cordova-plugin-firebase\"",
					"\"Quran/Plugins/cordova-plugin-firebase\"",
					"\"Quran/Plugins/cordova-plugin-firebase\"",
					"\"Quran/Plugins/cordova-plugin-firebase\"",
					"\"Quran/Plugins/cordova-plugin-firebase\"",
					"\"Quran/Plugins/cordova-plugin-firebase\"",
				);
			};
			name = Release;
		};
		C01FCF4F08A954540054247B /* Debug */ = {
			isa = XCBuildConfiguration;
			baseConfigurationReference = 3047A5111AB8059700498E2A /* build.xcconfig */;
			buildSettings = {
				CLANG_ENABLE_MODULES = YES;
				CLANG_ENABLE_OBJC_ARC = YES;
				CLANG_WARN_BOOL_CONVERSION = YES;
				CLANG_WARN_CONSTANT_CONVERSION = YES;
				CLANG_WARN_EMPTY_BODY = YES;
				CLANG_WARN_ENUM_CONVERSION = YES;
				CLANG_WARN_INT_CONVERSION = YES;
				CLANG_WARN__DUPLICATE_METHOD_MATCH = YES;
				GCC_C_LANGUAGE_STANDARD = c99;
				GCC_THUMB_SUPPORT = NO;
				GCC_VERSION = "";
				GCC_WARN_ABOUT_RETURN_TYPE = YES;
				GCC_WARN_UNDECLARED_SELECTOR = YES;
				GCC_WARN_UNINITIALIZED_AUTOS = YES;
				GCC_WARN_UNUSED_FUNCTION = YES;
				GCC_WARN_UNUSED_VARIABLE = YES;
				ONLY_ACTIVE_ARCH = YES;
				SDKROOT = iphoneos;
				SKIP_INSTALL = NO;
			};
			name = Debug;
		};
		C01FCF5008A954540054247B /* Release */ = {
			isa = XCBuildConfiguration;
			baseConfigurationReference = 3047A5111AB8059700498E2A /* build.xcconfig */;
			buildSettings = {
				CLANG_ENABLE_MODULES = YES;
				CLANG_ENABLE_OBJC_ARC = YES;
				CLANG_WARN_BOOL_CONVERSION = YES;
				CLANG_WARN_CONSTANT_CONVERSION = YES;
				CLANG_WARN_EMPTY_BODY = YES;
				CLANG_WARN_ENUM_CONVERSION = YES;
				CLANG_WARN_INT_CONVERSION = YES;
				CLANG_WARN__DUPLICATE_METHOD_MATCH = YES;
				GCC_C_LANGUAGE_STANDARD = c99;
				GCC_THUMB_SUPPORT = NO;
				GCC_VERSION = "";
				GCC_WARN_ABOUT_RETURN_TYPE = YES;
				GCC_WARN_UNDECLARED_SELECTOR = YES;
				GCC_WARN_UNINITIALIZED_AUTOS = YES;
				GCC_WARN_UNUSED_FUNCTION = YES;
				GCC_WARN_UNUSED_VARIABLE = YES;
				SDKROOT = iphoneos;
				SKIP_INSTALL = NO;
			};
			name = Release;
		};
/* End XCBuildConfiguration section */

/* Begin XCConfigurationList section */
		1D6058960D05DD3E006BFB54 /* Build configuration list for PBXNativeTarget "Quran" */ = {
			isa = XCConfigurationList;
			buildConfigurations = (
				1D6058940D05DD3E006BFB54 /* Debug */,
				1D6058950D05DD3E006BFB54 /* Release */,
			);
			defaultConfigurationIsVisible = 0;
			defaultConfigurationName = Release;
		};
		C01FCF4E08A954540054247B /* Build configuration list for PBXProject "__NON-CLI__" */ = {
			isa = XCConfigurationList;
			buildConfigurations = (
				C01FCF4F08A954540054247B /* Debug */,
				C01FCF5008A954540054247B /* Release */,
			);
			defaultConfigurationIsVisible = 0;
			defaultConfigurationName = Release;
		};
/* End XCConfigurationList section */
	};
	rootObject = 29B97313FDCFA39411CA2CEA /* Project object */;
}
