// !$*UTF8*$!
{
	archiveVersion = 1;
	classes = {
	};
	objectVersion = 46;
	objects = {
/* Begin PBXBuildFile section */
		0207DA581B56EA530066E2B4 /* Images.xcassets in Resources */ = {isa = PBXBuildFile; fileRef = 0207DA571B56EA530066E2B4 /* Images.xcassets */; };
		1D3623260D0F684500981E51 /* AppDelegate.m in Sources */ = {isa = PBXBuildFile; fileRef = 1D3623250D0F684500981E51 /* AppDelegate.m */; };
		1D60589B0D05DD56006BFB54 /* main.m in Sources */ = {isa = PBXBuildFile; fileRef = 29B97316FDCFA39411CA2CEA /* main.m */; };
		301BF552109A68D80062928A /* libCordova.a in Frameworks */ = {isa = PBXBuildFile; fileRef = 301BF535109A57CC0062928A /* libCordova.a */; };
		302D95F114D2391D003F00A1 /* MainViewController.m in Sources */ = {isa = PBXBuildFile; fileRef = 302D95EF14D2391D003F00A1 /* MainViewController.m */; };
		302D95F214D2391D003F00A1 /* MainViewController.xib in Resources */ = {isa = PBXBuildFile; fileRef = 302D95F014D2391D003F00A1 /* MainViewController.xib */; };
		3047A5121AB8059700498E2A /* build-debug.xcconfig in Resources */ = {isa = PBXBuildFile; fileRef = 3047A50F1AB8059700498E2A /* build-debug.xcconfig */; };
		3047A5131AB8059700498E2A /* build-release.xcconfig in Resources */ = {isa = PBXBuildFile; fileRef = 3047A5101AB8059700498E2A /* build-release.xcconfig */; };
		3047A5141AB8059700498E2A /* build.xcconfig in Resources */ = {isa = PBXBuildFile; fileRef = 3047A5111AB8059700498E2A /* build.xcconfig */; };
		6AFF5BF91D6E424B00AB3073 /* CDVLaunchScreen.storyboard in Resources */ = {isa = PBXBuildFile; fileRef = 6AFF5BF81D6E424B00AB3073 /* CDVLaunchScreen.storyboard */; };
		105171B717F2498EBA7D0357 /* CDVDevice.m in Sources */ = {isa = PBXBuildFile; fileRef = 8A184B1D76D9486D9B37998E /* CDVDevice.m */; };
		EE82DD44CA0F4DED8A4F7729 /* libz.tbd in Frameworks */ = {isa = PBXBuildFile; fileRef = BAD57807A4784B2F9813C180 /* libz.tbd */; };
		8F887AAF8510450B8319D189 /* FacebookConnectPlugin.m in Sources */ = {isa = PBXBuildFile; fileRef = A6201E0E5FA1454FAFA3FB0A /* FacebookConnectPlugin.m */; };
		77422BA05FCD481084E15F7C /* Bolts.framework in Frameworks */ = {isa = PBXBuildFile; fileRef = E1D120A99F3F4697AE4DA1AA /* Bolts.framework */; };
		EC71C2DF18784EC4AE15419D /* FBSDKCoreKit.framework in Frameworks */ = {isa = PBXBuildFile; fileRef = E57710D1AFBF4CEE9871DE94 /* FBSDKCoreKit.framework */; };
		5A5BA6494082495C8D7C11F5 /* FBSDKLoginKit.framework in Frameworks */ = {isa = PBXBuildFile; fileRef = CEF5CB2FC2DD4E5B81E7C060 /* FBSDKLoginKit.framework */; };
		E45D1E69FBA246DE9ACFE7EF /* FBSDKShareKit.framework in Frameworks */ = {isa = PBXBuildFile; fileRef = 3DA7DF89656F42E9BAFABC9A /* FBSDKShareKit.framework */; };
		2EEA4210C3C6450F9E98F714 /* AppDelegate+FirebasePlugin.m in Sources */ = {isa = PBXBuildFile; fileRef = 6C2231162204401C90D8A8B5 /* AppDelegate+FirebasePlugin.m */; };
		F76B371358DA490DAD50C572 /* FirebasePlugin.m in Sources */ = {isa = PBXBuildFile; fileRef = B3C13148DF3A4D44B8CC6D89 /* FirebasePlugin.m */; };
		B5E8961FD4654B528909E546 /* GoogleService-Info.plist in Resources */ = {isa = PBXBuildFile; fileRef = 32708289FE7C4DE3A66EBA84 /* GoogleService-Info.plist */; };
		5AFCD8348DA5401897946B7E /* FirebaseAnalytics.framework in Frameworks */ = {isa = PBXBuildFile; fileRef = DDFEB05353D24924B1EBA38D /* FirebaseAnalytics.framework */; };
		22624601AF2F455DA87E9633 /* FirebaseCore.framework in Frameworks */ = {isa = PBXBuildFile; fileRef = 76F97871353440D3AD097BB3 /* FirebaseCore.framework */; };
		F7C35843935C43E182DE2826 /* FirebaseCoreDiagnostics.framework in Frameworks */ = {isa = PBXBuildFile; fileRef = 025B037973BD47A4BF1AD164 /* FirebaseCoreDiagnostics.framework */; };
		F9182A20B5F742F0A7A888FA /* FirebaseInstanceID.framework in Frameworks */ = {isa = PBXBuildFile; fileRef = 0AD6A19F361B40C4867D7B1D /* FirebaseInstanceID.framework */; };
		1D13AF7E1903440FACEA4F60 /* FirebaseNanoPB.framework in Frameworks */ = {isa = PBXBuildFile; fileRef = FE6AFCEE884B43A7BBBDD24B /* FirebaseNanoPB.framework */; };
		598A21A2E1D946D690276966 /* GoogleToolboxForMac.framework in Frameworks */ = {isa = PBXBuildFile; fileRef = E45D7869A4DD421EA5C48677 /* GoogleToolboxForMac.framework */; };
		40665F89F77746478EF43807 /* Protobuf.framework in Frameworks */ = {isa = PBXBuildFile; fileRef = D5F425EC12EE477D9DF07249 /* Protobuf.framework */; };
		1B7EDA973880403BA5CA49A1 /* FirebaseMessaging.framework in Frameworks */ = {isa = PBXBuildFile; fileRef = 0B367C2397B5416E9BA86B69 /* FirebaseMessaging.framework */; };
		F410AA28DF694B9C9144732F /* FirebaseCrash.framework in Frameworks */ = {isa = PBXBuildFile; fileRef = E639311AD8784640B5CDF8BF /* FirebaseCrash.framework */; };
		3FD1C2E7D993425BBD3B5489 /* FirebaseRemoteConfig.framework in Frameworks */ = {isa = PBXBuildFile; fileRef = F533076F60CC417E8D6BF48C /* FirebaseRemoteConfig.framework */; };
		F9ECCADF83934D2C8F35FC81 /* FirebaseAuth.framework in Frameworks */ = {isa = PBXBuildFile; fileRef = 33280A2593EE45B6B922402B /* FirebaseAuth.framework */; };
		248DF90C5E844C9582CDE95A /* GTMSessionFetcher.framework in Frameworks */ = {isa = PBXBuildFile; fileRef = 7932F622B3DB40C0AD643D26 /* GTMSessionFetcher.framework */; };
		ADED99F6E63C467D92529182 /* GooglePlus.m in Sources */ = {isa = PBXBuildFile; fileRef = 728C835407C24B14AF3E020C /* GooglePlus.m */; };
		C5933E9FCFA04810B02DA247 /* GoogleAppUtilities.framework in Frameworks */ = {isa = PBXBuildFile; fileRef = 82C9A5DE09334726844892D0 /* GoogleAppUtilities.framework */; };
		0F64B4F2C2E441FABDC43ECD /* GoogleAuthUtilities.framework in Frameworks */ = {isa = PBXBuildFile; fileRef = 37C13B238B7549E7A48C809B /* GoogleAuthUtilities.framework */; };
		D195F03FFE7E40D8AA50B36D /* GoogleNetworkingUtilities.framework in Frameworks */ = {isa = PBXBuildFile; fileRef = 702CD2AB4C524CEA8B78FDF1 /* GoogleNetworkingUtilities.framework */; };
		57227205398F4CC8B40A6A6D /* GoogleSignIn.framework in Frameworks */ = {isa = PBXBuildFile; fileRef = 59F2C67AC6BF441B841B92B2 /* GoogleSignIn.framework */; };
		098B22AB038E48669E7F21D3 /* GoogleSymbolUtilities.framework in Frameworks */ = {isa = PBXBuildFile; fileRef = C22C9FD8D2E2431B992E094F /* GoogleSymbolUtilities.framework */; };
		87CB2D8A99F04CB6BABC430B /* GoogleUtilities.framework in Frameworks */ = {isa = PBXBuildFile; fileRef = F77CC332FF9446D9827BA2ED /* GoogleUtilities.framework */; };
		F730E68A59C748188F5AD7E1 /* AddressBook.framework in Frameworks */ = {isa = PBXBuildFile; fileRef = 8CEBB016AF4B43A68ED18FA4 /* AddressBook.framework */; settings = {ATTRIBUTES = (Weak, ); }; };
		0F1C7C1E600645999DCEECD1 /* CoreText.framework in Frameworks */ = {isa = PBXBuildFile; fileRef = 0D03A0ED95BD4E3685AD2D03 /* CoreText.framework */; settings = {ATTRIBUTES = (Weak, ); }; };
		AA0CF0EC797B424C9F67BDFD /* SafariServices.framework in Frameworks */ = {isa = PBXBuildFile; fileRef = 72D30AF90FF34D67A55B8274 /* SafariServices.framework */; settings = {ATTRIBUTES = (Weak, ); }; };
		D02C8D3B8A804B769240467B /* Security.framework in Frameworks */ = {isa = PBXBuildFile; fileRef = C62D9FC614D24BF8881F7616 /* Security.framework */; settings = {ATTRIBUTES = (Weak, ); }; };
		737E8CC211484C89ABD81821 /* SystemConfiguration.framework in Frameworks */ = {isa = PBXBuildFile; fileRef = BF3D7A9C9C134F78AF7AB89B /* SystemConfiguration.framework */; settings = {ATTRIBUTES = (Weak, ); }; };
		34F702D8EA3A431F9DB2A336 /* libz.dylib in Frameworks */ = {isa = PBXBuildFile; fileRef = 9234CC3289E248B094C5AA4F /* libz.dylib */; settings = {ATTRIBUTES = (Weak, ); }; };
		1B5BE6E1025B45BBB3E7DFD9 /* NativeClick.m in Sources */ = {isa = PBXBuildFile; fileRef = 89AE72B2BEB0467482C61C26 /* NativeClick.m */; };
		D7C2DAB43FC64631B02EE51A /* AudioToolbox.framework in Frameworks */ = {isa = PBXBuildFile; fileRef = FCC21406AFDE4E938D13FA59 /* AudioToolbox.framework */; settings = {ATTRIBUTES = (Weak, ); }; };
		0007BE2526C84003AE12A7F3 /* CDVConnection.m in Sources */ = {isa = PBXBuildFile; fileRef = F9DABEECDAB44A5EA7744823 /* CDVConnection.m */; };
		C5D9CD2DC76A4FDDB4159D8A /* CDVReachability.m in Sources */ = {isa = PBXBuildFile; fileRef = 9B270311FB564C31B614564F /* CDVReachability.m */; };
		D545A1905B094288A52EB320 /* CoreTelephony.framework in Frameworks */ = {isa = PBXBuildFile; fileRef = 427A3D43F59E414FB1C4AFDB /* CoreTelephony.framework */; };
		7B5371E86D6E44119DE48BB7 /* CDVSplashScreen.m in Sources */ = {isa = PBXBuildFile; fileRef = 1D2512835E604A4CBE45D1E5 /* CDVSplashScreen.m */; };
		385BD8D9CE3D40B0BB3E9356 /* CDVViewController+SplashScreen.m in Sources */ = {isa = PBXBuildFile; fileRef = 63DBC08BF57A4257B3DA9F12 /* CDVViewController+SplashScreen.m */; };
		88D8DCE90731419B84F41C74 /* GCDWebServer.framework in Frameworks */ = {isa = PBXBuildFile; fileRef = 889BDAA2387F467FB0DEA599 /* GCDWebServer.framework */; };
		B66BE2FE8EC944D0B43BABB6 /* CFNetwork.framework in Frameworks */ = {isa = PBXBuildFile; fileRef = 34A2B27FA5F64A14A299F43D /* CFNetwork.framework */; };
		B278E6762E4942549276C382 /* NSString+SSURLEncoding.m in Sources */ = {isa = PBXBuildFile; fileRef = 71A26F16B1554DD6B7A8D09D /* NSString+SSURLEncoding.m */; };
		94C072E2033A4B01BAF8CE82 /* SocialSharing.m in Sources */ = {isa = PBXBuildFile; fileRef = 8FCE31D5D1A2447DA12E575B /* SocialSharing.m */; };
		7B6DA3BF3800452DA4871B4A /* Social.framework in Frameworks */ = {isa = PBXBuildFile; fileRef = 719FF4CC92B24EF4B49365A2 /* Social.framework */; settings = {ATTRIBUTES = (Weak, ); }; };
		F2F0EB0A10FA4BD69D25B38B /* MessageUI.framework in Frameworks */ = {isa = PBXBuildFile; fileRef = D54787305F504A6E90BA2F95 /* MessageUI.framework */; settings = {ATTRIBUTES = (Weak, ); }; };
		C0433F5B707F49048423B16E /* TwitterConnect.m in Sources */ = {isa = PBXBuildFile; fileRef = F3D852DCC7104AD58131966E /* TwitterConnect.m */; };
		8A7819D9783146CDA93B3392 /* TwitterKitResources.bundle in Resources */ = {isa = PBXBuildFile; fileRef = A5FF84EA7EF348A2BCE1B875 /* TwitterKitResources.bundle */; };
		897FCC2AE91943D58AA30C0E /* Fabric.framework in Frameworks */ = {isa = PBXBuildFile; fileRef = 89BF6C4FF07B4A41A5371AA1 /* Fabric.framework */; };
		52A6E232C09D4811ADEF7B70 /* TwitterKit.framework in Frameworks */ = {isa = PBXBuildFile; fileRef = 93CDC0F8197D4729A674CA55 /* TwitterKit.framework */; };
		C5F7162DDD984C02982B22B3 /* TwitterCore.framework in Frameworks */ = {isa = PBXBuildFile; fileRef = 44085BED2F9547BE80B7A910 /* TwitterCore.framework */; };
		718ED05A779248408DC56182 /* QuartzCore.framework in Frameworks */ = {isa = PBXBuildFile; fileRef = FC0EB27F6E924DBCAAF24ABA /* QuartzCore.framework */; };
		0FFF08D23EEF4101AB6E43C1 /* Accounts.framework in Frameworks */ = {isa = PBXBuildFile; fileRef = 275E428D2F3D4FABA439A4A5 /* Accounts.framework */; };
		AA66D47576FC4A589BB88289 /* CoreData.framework in Frameworks */ = {isa = PBXBuildFile; fileRef = 34EE873D7F2049AF8428D044 /* CoreData.framework */; };
		932774B4372F47D6832398DC /* CDVStatusBar.m in Sources */ = {isa = PBXBuildFile; fileRef = 5F0655539E014799B3DD2F51 /* CDVStatusBar.m */; };
		9C7F0182B7A74323BA39B12B /* UIImage+CropScaleOrientation.m in Sources */ = {isa = PBXBuildFile; fileRef = 6CB3CEDB560B426499BE1548 /* UIImage+CropScaleOrientation.m */; };
		600B264D79D946D69C7150A6 /* CDVCamera.m in Sources */ = {isa = PBXBuildFile; fileRef = 42D7FEA5639147C19322D815 /* CDVCamera.m */; };
		25DEDEB275684905B1EDAA16 /* CDVJpegHeaderWriter.m in Sources */ = {isa = PBXBuildFile; fileRef = 7FB39AA3C5934B8BA7F11965 /* CDVJpegHeaderWriter.m */; };
		576113B954444B0CB1862803 /* ImageIO.framework in Frameworks */ = {isa = PBXBuildFile; fileRef = AF27CB0F0FB7424FBAF4CCEA /* ImageIO.framework */; settings = {ATTRIBUTES = (Weak, ); }; };
		4B27D241306B4E8C9BA896E1 /* CoreLocation.framework in Frameworks */ = {isa = PBXBuildFile; fileRef = F506B4494DE34E71B0ED81D0 /* CoreLocation.framework */; };
		F8056E67DD45493FACDF7392 /* AVFoundation.framework in Frameworks */ = {isa = PBXBuildFile; fileRef = 843B02B420F84100AF75E2C3 /* AVFoundation.framework */; };
/* End PBXBuildFile section */

/* Begin PBXContainerItemProxy section */
		301BF534109A57CC0062928A /* PBXContainerItemProxy */ = {
			isa = PBXContainerItemProxy;
			containerPortal = 301BF52D109A57CC0062928A /* CordovaLib.xcodeproj */;
			proxyType = 2;
			remoteGlobalIDString = D2AAC07E0554694100DB518D;
			remoteInfo = CordovaLib;
		};
		301BF550109A68C00062928A /* PBXContainerItemProxy */ = {
			isa = PBXContainerItemProxy;
			containerPortal = 301BF52D109A57CC0062928A /* CordovaLib.xcodeproj */;
			proxyType = 1;
			remoteGlobalIDString = D2AAC07D0554694100DB518D;
			remoteInfo = CordovaLib;
		};
/* End PBXContainerItemProxy section */

/* Begin PBXFileReference section */
		0207DA571B56EA530066E2B4 /* Images.xcassets */ = {isa = PBXFileReference; lastKnownFileType = folder.assetcatalog; name = Images.xcassets; path = "Thirty/Images.xcassets"; sourceTree = SOURCE_ROOT; };
		1D3623240D0F684500981E51 /* AppDelegate.h */ = {isa = PBXFileReference; fileEncoding = 4; lastKnownFileType = sourcecode.c.h; path = AppDelegate.h; sourceTree = "<group>"; };
		1D3623250D0F684500981E51 /* AppDelegate.m */ = {isa = PBXFileReference; fileEncoding = 4; lastKnownFileType = sourcecode.c.objc; path = AppDelegate.m; sourceTree = "<group>"; };
		1D6058910D05DD3D006BFB54 /* Thirty.app */ = {isa = PBXFileReference; explicitFileType = wrapper.application; includeInIndex = 0; path = "Thirty.app"; sourceTree = BUILT_PRODUCTS_DIR; };
		29B97316FDCFA39411CA2CEA /* main.m */ = {isa = PBXFileReference; fileEncoding = 4; lastKnownFileType = sourcecode.c.objc; path = main.m; sourceTree = "<group>"; };
		301BF52D109A57CC0062928A /* CordovaLib.xcodeproj */ = {isa = PBXFileReference; lastKnownFileType = "wrapper.pb-project"; path = CordovaLib/CordovaLib.xcodeproj; sourceTree = "<group>"; };
		301BF56E109A69640062928A /* www */ = {isa = PBXFileReference; lastKnownFileType = folder; path = www; sourceTree = SOURCE_ROOT; };
		302D95EE14D2391D003F00A1 /* MainViewController.h */ = {isa = PBXFileReference; fileEncoding = 4; lastKnownFileType = sourcecode.c.h; path = MainViewController.h; sourceTree = "<group>"; };
		302D95EF14D2391D003F00A1 /* MainViewController.m */ = {isa = PBXFileReference; fileEncoding = 4; lastKnownFileType = sourcecode.c.objc; path = MainViewController.m; sourceTree = "<group>"; };
		302D95F014D2391D003F00A1 /* MainViewController.xib */ = {isa = PBXFileReference; fileEncoding = 4; lastKnownFileType = file.xib; path = MainViewController.xib; sourceTree = "<group>"; };
		3047A50F1AB8059700498E2A /* build-debug.xcconfig */ = {isa = PBXFileReference; fileEncoding = 4; lastKnownFileType = text.xcconfig; name = "build-debug.xcconfig"; path = cordova/build-debug.xcconfig; sourceTree = SOURCE_ROOT; };
		3047A5101AB8059700498E2A /* build-release.xcconfig */ = {isa = PBXFileReference; fileEncoding = 4; lastKnownFileType = text.xcconfig; name = "build-release.xcconfig"; path = cordova/build-release.xcconfig; sourceTree = SOURCE_ROOT; };
		3047A5111AB8059700498E2A /* build.xcconfig */ = {isa = PBXFileReference; fileEncoding = 4; lastKnownFileType = text.xcconfig; name = build.xcconfig; path = cordova/build.xcconfig; sourceTree = SOURCE_ROOT; };
		32CA4F630368D1EE00C91783 /* Thirty-Prefix.pch */ = {isa = PBXFileReference; fileEncoding = 4; lastKnownFileType = sourcecode.c.h; path = "Thirty-Prefix.pch"; sourceTree = "<group>"; };
		6AFF5BF81D6E424B00AB3073 /* CDVLaunchScreen.storyboard */ = {isa = PBXFileReference; fileEncoding = 4; lastKnownFileType = file.storyboard; name = CDVLaunchScreen.storyboard; path = "Thirty/CDVLaunchScreen.storyboard"; sourceTree = SOURCE_ROOT; };
		8D1107310486CEB800E47090 /* Thirty-Info.plist */ = {isa = PBXFileReference; fileEncoding = 4; lastKnownFileType = text.plist.xml; name = "Thirty-Info.plist"; path = "Thirty/Thirty-Info.plist"; plistStructureDefinitionIdentifier = "com.apple.xcode.plist.structure-definition.iphone.info-plist"; sourceTree = SOURCE_ROOT; };
		EB87FDF31871DA8E0020F90C /* www */ = {isa = PBXFileReference; lastKnownFileType = folder; name = www; path = ../../www; sourceTree = "<group>"; };
		EB87FDF41871DAF40020F90C /* config.xml */ = {isa = PBXFileReference; lastKnownFileType = text.xml; name = config.xml; path = ../../config.xml; sourceTree = "<group>"; };
		F840E1F0165FE0F500CFE078 /* config.xml */ = {isa = PBXFileReference; lastKnownFileType = text.xml; name = config.xml; path = "Thirty/config.xml"; sourceTree = "<group>"; };
		ED33DF2A687741AEAF9F8254 /* Bridging-Header.h */ = {isa = PBXFileReference; fileEncoding = 4; lastKnownFileType = sourcecode.c.h; name = "Bridging-Header.h"; path = "Bridging-Header.h"; sourceTree = "<group>"; };
		8A184B1D76D9486D9B37998E /* CDVDevice.m */ = {isa = PBXFileReference; name = "CDVDevice.m"; path = "cordova-plugin-device/CDVDevice.m"; sourceTree = "<group>"; fileEncoding = 4; lastKnownFileType = sourcecode.c.objc; explicitFileType = undefined; includeInIndex = 0; };
		E50B87D708524BEAB38A8298 /* CDVDevice.h */ = {isa = PBXFileReference; name = "CDVDevice.h"; path = "cordova-plugin-device/CDVDevice.h"; sourceTree = "<group>"; fileEncoding = 4; lastKnownFileType = sourcecode.c.h; explicitFileType = undefined; includeInIndex = 0; };
		BAD57807A4784B2F9813C180 /* libz.tbd */ = {isa = PBXFileReference; name = "libz.tbd"; path = "usr/lib/libz.tbd"; sourceTree = SDKROOT; fileEncoding = undefined; lastKnownFileType = sourcecode.text-based-dylib-definition; explicitFileType = undefined; includeInIndex = 0; };
		A6201E0E5FA1454FAFA3FB0A /* FacebookConnectPlugin.m */ = {isa = PBXFileReference; name = "FacebookConnectPlugin.m"; path = "cordova-plugin-facebook4/FacebookConnectPlugin.m"; sourceTree = "<group>"; fileEncoding = 4; lastKnownFileType = sourcecode.c.objc; explicitFileType = undefined; includeInIndex = 0; };
		B7D5101FEE004A9DA5F7940B /* FacebookConnectPlugin.h */ = {isa = PBXFileReference; name = "FacebookConnectPlugin.h"; path = "cordova-plugin-facebook4/FacebookConnectPlugin.h"; sourceTree = "<group>"; fileEncoding = 4; lastKnownFileType = sourcecode.c.h; explicitFileType = undefined; includeInIndex = 0; };
		E1D120A99F3F4697AE4DA1AA /* Bolts.framework */ = {isa = PBXFileReference; name = "Bolts.framework"; path = "Thirty/Plugins/cordova-plugin-facebook4/Bolts.framework"; sourceTree = "<group>"; fileEncoding = undefined; lastKnownFileType = wrapper.framework; explicitFileType = undefined; includeInIndex = 0; };
		E57710D1AFBF4CEE9871DE94 /* FBSDKCoreKit.framework */ = {isa = PBXFileReference; name = "FBSDKCoreKit.framework"; path = "Thirty/Plugins/cordova-plugin-facebook4/FBSDKCoreKit.framework"; sourceTree = "<group>"; fileEncoding = undefined; lastKnownFileType = wrapper.framework; explicitFileType = undefined; includeInIndex = 0; };
		CEF5CB2FC2DD4E5B81E7C060 /* FBSDKLoginKit.framework */ = {isa = PBXFileReference; name = "FBSDKLoginKit.framework"; path = "Thirty/Plugins/cordova-plugin-facebook4/FBSDKLoginKit.framework"; sourceTree = "<group>"; fileEncoding = undefined; lastKnownFileType = wrapper.framework; explicitFileType = undefined; includeInIndex = 0; };
		3DA7DF89656F42E9BAFABC9A /* FBSDKShareKit.framework */ = {isa = PBXFileReference; name = "FBSDKShareKit.framework"; path = "Thirty/Plugins/cordova-plugin-facebook4/FBSDKShareKit.framework"; sourceTree = "<group>"; fileEncoding = undefined; lastKnownFileType = wrapper.framework; explicitFileType = undefined; includeInIndex = 0; };
		6C2231162204401C90D8A8B5 /* AppDelegate+FirebasePlugin.m */ = {isa = PBXFileReference; name = "AppDelegate+FirebasePlugin.m"; path = "cordova-plugin-firebase/AppDelegate+FirebasePlugin.m"; sourceTree = "<group>"; fileEncoding = 4; lastKnownFileType = sourcecode.c.objc; explicitFileType = undefined; includeInIndex = 0; };
		B3C13148DF3A4D44B8CC6D89 /* FirebasePlugin.m */ = {isa = PBXFileReference; name = "FirebasePlugin.m"; path = "cordova-plugin-firebase/FirebasePlugin.m"; sourceTree = "<group>"; fileEncoding = 4; lastKnownFileType = sourcecode.c.objc; explicitFileType = undefined; includeInIndex = 0; };
		6726317C4E8844F99E3413B9 /* AppDelegate+FirebasePlugin.h */ = {isa = PBXFileReference; name = "AppDelegate+FirebasePlugin.h"; path = "cordova-plugin-firebase/AppDelegate+FirebasePlugin.h"; sourceTree = "<group>"; fileEncoding = 4; lastKnownFileType = sourcecode.c.h; explicitFileType = undefined; includeInIndex = 0; };
		C7B75BE71F0D41B48D6AA60B /* FirebasePlugin.h */ = {isa = PBXFileReference; name = "FirebasePlugin.h"; path = "cordova-plugin-firebase/FirebasePlugin.h"; sourceTree = "<group>"; fileEncoding = 4; lastKnownFileType = sourcecode.c.h; explicitFileType = undefined; includeInIndex = 0; };
		A457400DA85445609B1BB9A3 /* Firebase.h */ = {isa = PBXFileReference; name = "Firebase.h"; path = "cordova-plugin-firebase/Firebase.h"; sourceTree = "<group>"; fileEncoding = 4; lastKnownFileType = sourcecode.c.h; explicitFileType = undefined; includeInIndex = 0; };
		32708289FE7C4DE3A66EBA84 /* GoogleService-Info.plist */ = {isa = PBXFileReference; name = "GoogleService-Info.plist"; path = "GoogleService-Info.plist"; sourceTree = "<group>"; fileEncoding = 4; lastKnownFileType = text.plist.xml; explicitFileType = undefined; includeInIndex = 0; };
		DDFEB05353D24924B1EBA38D /* FirebaseAnalytics.framework */ = {isa = PBXFileReference; name = "FirebaseAnalytics.framework"; path = "Thirty/Plugins/cordova-plugin-firebase/FirebaseAnalytics.framework"; sourceTree = "<group>"; fileEncoding = undefined; lastKnownFileType = wrapper.framework; explicitFileType = undefined; includeInIndex = 0; };
		76F97871353440D3AD097BB3 /* FirebaseCore.framework */ = {isa = PBXFileReference; name = "FirebaseCore.framework"; path = "Thirty/Plugins/cordova-plugin-firebase/FirebaseCore.framework"; sourceTree = "<group>"; fileEncoding = undefined; lastKnownFileType = wrapper.framework; explicitFileType = undefined; includeInIndex = 0; };
		025B037973BD47A4BF1AD164 /* FirebaseCoreDiagnostics.framework */ = {isa = PBXFileReference; name = "FirebaseCoreDiagnostics.framework"; path = "Thirty/Plugins/cordova-plugin-firebase/FirebaseCoreDiagnostics.framework"; sourceTree = "<group>"; fileEncoding = undefined; lastKnownFileType = wrapper.framework; explicitFileType = undefined; includeInIndex = 0; };
		0AD6A19F361B40C4867D7B1D /* FirebaseInstanceID.framework */ = {isa = PBXFileReference; name = "FirebaseInstanceID.framework"; path = "Thirty/Plugins/cordova-plugin-firebase/FirebaseInstanceID.framework"; sourceTree = "<group>"; fileEncoding = undefined; lastKnownFileType = wrapper.framework; explicitFileType = undefined; includeInIndex = 0; };
		FE6AFCEE884B43A7BBBDD24B /* FirebaseNanoPB.framework */ = {isa = PBXFileReference; name = "FirebaseNanoPB.framework"; path = "Thirty/Plugins/cordova-plugin-firebase/FirebaseNanoPB.framework"; sourceTree = "<group>"; fileEncoding = undefined; lastKnownFileType = wrapper.framework; explicitFileType = undefined; includeInIndex = 0; };
		E45D7869A4DD421EA5C48677 /* GoogleToolboxForMac.framework */ = {isa = PBXFileReference; name = "GoogleToolboxForMac.framework"; path = "Thirty/Plugins/cordova-plugin-firebase/GoogleToolboxForMac.framework"; sourceTree = "<group>"; fileEncoding = undefined; lastKnownFileType = wrapper.framework; explicitFileType = undefined; includeInIndex = 0; };
		D5F425EC12EE477D9DF07249 /* Protobuf.framework */ = {isa = PBXFileReference; name = "Protobuf.framework"; path = "Thirty/Plugins/cordova-plugin-firebase/Protobuf.framework"; sourceTree = "<group>"; fileEncoding = undefined; lastKnownFileType = wrapper.framework; explicitFileType = undefined; includeInIndex = 0; };
		0B367C2397B5416E9BA86B69 /* FirebaseMessaging.framework */ = {isa = PBXFileReference; name = "FirebaseMessaging.framework"; path = "Thirty/Plugins/cordova-plugin-firebase/FirebaseMessaging.framework"; sourceTree = "<group>"; fileEncoding = undefined; lastKnownFileType = wrapper.framework; explicitFileType = undefined; includeInIndex = 0; };
		E639311AD8784640B5CDF8BF /* FirebaseCrash.framework */ = {isa = PBXFileReference; name = "FirebaseCrash.framework"; path = "Thirty/Plugins/cordova-plugin-firebase/FirebaseCrash.framework"; sourceTree = "<group>"; fileEncoding = undefined; lastKnownFileType = wrapper.framework; explicitFileType = undefined; includeInIndex = 0; };
		F533076F60CC417E8D6BF48C /* FirebaseRemoteConfig.framework */ = {isa = PBXFileReference; name = "FirebaseRemoteConfig.framework"; path = "Thirty/Plugins/cordova-plugin-firebase/FirebaseRemoteConfig.framework"; sourceTree = "<group>"; fileEncoding = undefined; lastKnownFileType = wrapper.framework; explicitFileType = undefined; includeInIndex = 0; };
		33280A2593EE45B6B922402B /* FirebaseAuth.framework */ = {isa = PBXFileReference; name = "FirebaseAuth.framework"; path = "Thirty/Plugins/cordova-plugin-firebase/FirebaseAuth.framework"; sourceTree = "<group>"; fileEncoding = undefined; lastKnownFileType = wrapper.framework; explicitFileType = undefined; includeInIndex = 0; };
		7932F622B3DB40C0AD643D26 /* GTMSessionFetcher.framework */ = {isa = PBXFileReference; name = "GTMSessionFetcher.framework"; path = "Thirty/Plugins/cordova-plugin-firebase/GTMSessionFetcher.framework"; sourceTree = "<group>"; fileEncoding = undefined; lastKnownFileType = wrapper.framework; explicitFileType = undefined; includeInIndex = 0; };
		728C835407C24B14AF3E020C /* GooglePlus.m */ = {isa = PBXFileReference; name = "GooglePlus.m"; path = "cordova-plugin-googleplus/GooglePlus.m"; sourceTree = "<group>"; fileEncoding = 4; lastKnownFileType = sourcecode.c.objc; explicitFileType = undefined; includeInIndex = 0; };
		16E2FC66DF794A39BD063790 /* GooglePlus.h */ = {isa = PBXFileReference; name = "GooglePlus.h"; path = "cordova-plugin-googleplus/GooglePlus.h"; sourceTree = "<group>"; fileEncoding = 4; lastKnownFileType = sourcecode.c.h; explicitFileType = undefined; includeInIndex = 0; };
		82C9A5DE09334726844892D0 /* GoogleAppUtilities.framework */ = {isa = PBXFileReference; name = "GoogleAppUtilities.framework"; path = "Thirty/Plugins/cordova-plugin-googleplus/GoogleAppUtilities.framework"; sourceTree = "<group>"; fileEncoding = undefined; lastKnownFileType = wrapper.framework; explicitFileType = undefined; includeInIndex = 0; };
		37C13B238B7549E7A48C809B /* GoogleAuthUtilities.framework */ = {isa = PBXFileReference; name = "GoogleAuthUtilities.framework"; path = "Thirty/Plugins/cordova-plugin-googleplus/GoogleAuthUtilities.framework"; sourceTree = "<group>"; fileEncoding = undefined; lastKnownFileType = wrapper.framework; explicitFileType = undefined; includeInIndex = 0; };
		702CD2AB4C524CEA8B78FDF1 /* GoogleNetworkingUtilities.framework */ = {isa = PBXFileReference; name = "GoogleNetworkingUtilities.framework"; path = "Thirty/Plugins/cordova-plugin-googleplus/GoogleNetworkingUtilities.framework"; sourceTree = "<group>"; fileEncoding = undefined; lastKnownFileType = wrapper.framework; explicitFileType = undefined; includeInIndex = 0; };
		59F2C67AC6BF441B841B92B2 /* GoogleSignIn.framework */ = {isa = PBXFileReference; name = "GoogleSignIn.framework"; path = "Thirty/Plugins/cordova-plugin-googleplus/GoogleSignIn.framework"; sourceTree = "<group>"; fileEncoding = undefined; lastKnownFileType = wrapper.framework; explicitFileType = undefined; includeInIndex = 0; };
		C22C9FD8D2E2431B992E094F /* GoogleSymbolUtilities.framework */ = {isa = PBXFileReference; name = "GoogleSymbolUtilities.framework"; path = "Thirty/Plugins/cordova-plugin-googleplus/GoogleSymbolUtilities.framework"; sourceTree = "<group>"; fileEncoding = undefined; lastKnownFileType = wrapper.framework; explicitFileType = undefined; includeInIndex = 0; };
		F77CC332FF9446D9827BA2ED /* GoogleUtilities.framework */ = {isa = PBXFileReference; name = "GoogleUtilities.framework"; path = "Thirty/Plugins/cordova-plugin-googleplus/GoogleUtilities.framework"; sourceTree = "<group>"; fileEncoding = undefined; lastKnownFileType = wrapper.framework; explicitFileType = undefined; includeInIndex = 0; };
		8CEBB016AF4B43A68ED18FA4 /* AddressBook.framework */ = {isa = PBXFileReference; name = "AddressBook.framework"; path = "System/Library/Frameworks/AddressBook.framework"; sourceTree = SDKROOT; fileEncoding = undefined; lastKnownFileType = wrapper.framework; explicitFileType = undefined; includeInIndex = 0; };
		0D03A0ED95BD4E3685AD2D03 /* CoreText.framework */ = {isa = PBXFileReference; name = "CoreText.framework"; path = "System/Library/Frameworks/CoreText.framework"; sourceTree = SDKROOT; fileEncoding = undefined; lastKnownFileType = wrapper.framework; explicitFileType = undefined; includeInIndex = 0; };
		72D30AF90FF34D67A55B8274 /* SafariServices.framework */ = {isa = PBXFileReference; name = "SafariServices.framework"; path = "System/Library/Frameworks/SafariServices.framework"; sourceTree = SDKROOT; fileEncoding = undefined; lastKnownFileType = wrapper.framework; explicitFileType = undefined; includeInIndex = 0; };
		C62D9FC614D24BF8881F7616 /* Security.framework */ = {isa = PBXFileReference; name = "Security.framework"; path = "System/Library/Frameworks/Security.framework"; sourceTree = SDKROOT; fileEncoding = undefined; lastKnownFileType = wrapper.framework; explicitFileType = undefined; includeInIndex = 0; };
		BF3D7A9C9C134F78AF7AB89B /* SystemConfiguration.framework */ = {isa = PBXFileReference; name = "SystemConfiguration.framework"; path = "System/Library/Frameworks/SystemConfiguration.framework"; sourceTree = SDKROOT; fileEncoding = undefined; lastKnownFileType = wrapper.framework; explicitFileType = undefined; includeInIndex = 0; };
		9234CC3289E248B094C5AA4F /* libz.dylib */ = {isa = PBXFileReference; name = "libz.dylib"; path = "usr/lib/libz.dylib"; sourceTree = SDKROOT; fileEncoding = undefined; lastKnownFileType = compiled.mach-o.dylib; explicitFileType = undefined; includeInIndex = 0; };
		89AE72B2BEB0467482C61C26 /* NativeClick.m */ = {isa = PBXFileReference; name = "NativeClick.m"; path = "cordova-plugin-nativeclicksound/NativeClick.m"; sourceTree = "<group>"; fileEncoding = 4; lastKnownFileType = sourcecode.c.objc; explicitFileType = undefined; includeInIndex = 0; };
		552A78419886417CA333D7A0 /* NativeClick.h */ = {isa = PBXFileReference; name = "NativeClick.h"; path = "cordova-plugin-nativeclicksound/NativeClick.h"; sourceTree = "<group>"; fileEncoding = 4; lastKnownFileType = sourcecode.c.h; explicitFileType = undefined; includeInIndex = 0; };
		FCC21406AFDE4E938D13FA59 /* AudioToolbox.framework */ = {isa = PBXFileReference; name = "AudioToolbox.framework"; path = "System/Library/Frameworks/AudioToolbox.framework"; sourceTree = SDKROOT; fileEncoding = undefined; lastKnownFileType = wrapper.framework; explicitFileType = undefined; includeInIndex = 0; };
		F9DABEECDAB44A5EA7744823 /* CDVConnection.m */ = {isa = PBXFileReference; name = "CDVConnection.m"; path = "cordova-plugin-network-information/CDVConnection.m"; sourceTree = "<group>"; fileEncoding = 4; lastKnownFileType = sourcecode.c.objc; explicitFileType = undefined; includeInIndex = 0; };
		9B270311FB564C31B614564F /* CDVReachability.m */ = {isa = PBXFileReference; name = "CDVReachability.m"; path = "cordova-plugin-network-information/CDVReachability.m"; sourceTree = "<group>"; fileEncoding = 4; lastKnownFileType = sourcecode.c.objc; explicitFileType = undefined; includeInIndex = 0; };
		7688AED93E6E47D5B1E4E881 /* CDVConnection.h */ = {isa = PBXFileReference; name = "CDVConnection.h"; path = "cordova-plugin-network-information/CDVConnection.h"; sourceTree = "<group>"; fileEncoding = 4; lastKnownFileType = sourcecode.c.h; explicitFileType = undefined; includeInIndex = 0; };
		3986B843D5E643F8871DCEFB /* CDVReachability.h */ = {isa = PBXFileReference; name = "CDVReachability.h"; path = "cordova-plugin-network-information/CDVReachability.h"; sourceTree = "<group>"; fileEncoding = 4; lastKnownFileType = sourcecode.c.h; explicitFileType = undefined; includeInIndex = 0; };
		427A3D43F59E414FB1C4AFDB /* CoreTelephony.framework */ = {isa = PBXFileReference; name = "CoreTelephony.framework"; path = "System/Library/Frameworks/CoreTelephony.framework"; sourceTree = SDKROOT; fileEncoding = undefined; lastKnownFileType = wrapper.framework; explicitFileType = undefined; includeInIndex = 0; };
		1D2512835E604A4CBE45D1E5 /* CDVSplashScreen.m */ = {isa = PBXFileReference; name = "CDVSplashScreen.m"; path = "cordova-plugin-splashscreen/CDVSplashScreen.m"; sourceTree = "<group>"; fileEncoding = 4; lastKnownFileType = sourcecode.c.objc; explicitFileType = undefined; includeInIndex = 0; };
		63DBC08BF57A4257B3DA9F12 /* CDVViewController+SplashScreen.m */ = {isa = PBXFileReference; name = "CDVViewController+SplashScreen.m"; path = "cordova-plugin-splashscreen/CDVViewController+SplashScreen.m"; sourceTree = "<group>"; fileEncoding = 4; lastKnownFileType = sourcecode.c.objc; explicitFileType = undefined; includeInIndex = 0; };
		878CA81794C548F78F62479E /* CDVSplashScreen.h */ = {isa = PBXFileReference; name = "CDVSplashScreen.h"; path = "cordova-plugin-splashscreen/CDVSplashScreen.h"; sourceTree = "<group>"; fileEncoding = 4; lastKnownFileType = sourcecode.c.h; explicitFileType = undefined; includeInIndex = 0; };
		AB30A7CB687843E599BC4B36 /* CDVViewController+SplashScreen.h */ = {isa = PBXFileReference; name = "CDVViewController+SplashScreen.h"; path = "cordova-plugin-splashscreen/CDVViewController+SplashScreen.h"; sourceTree = "<group>"; fileEncoding = 4; lastKnownFileType = sourcecode.c.h; explicitFileType = undefined; includeInIndex = 0; };
		889BDAA2387F467FB0DEA599 /* GCDWebServer.framework */ = {isa = PBXFileReference; name = "GCDWebServer.framework"; path = "Thirty/Plugins/cordova-plugin-webserver/GCDWebServer.framework"; sourceTree = "<group>"; fileEncoding = undefined; lastKnownFileType = wrapper.framework; explicitFileType = undefined; includeInIndex = 0; };
		34A2B27FA5F64A14A299F43D /* CFNetwork.framework */ = {isa = PBXFileReference; name = "CFNetwork.framework"; path = "System/Library/Frameworks/CFNetwork.framework"; sourceTree = SDKROOT; fileEncoding = undefined; lastKnownFileType = wrapper.framework; explicitFileType = undefined; includeInIndex = 0; };
		71A26F16B1554DD6B7A8D09D /* NSString+SSURLEncoding.m */ = {isa = PBXFileReference; name = "NSString+SSURLEncoding.m"; path = "cordova-plugin-x-socialsharing/NSString+SSURLEncoding.m"; sourceTree = "<group>"; fileEncoding = 4; lastKnownFileType = sourcecode.c.objc; explicitFileType = undefined; includeInIndex = 0; };
		8FCE31D5D1A2447DA12E575B /* SocialSharing.m */ = {isa = PBXFileReference; name = "SocialSharing.m"; path = "cordova-plugin-x-socialsharing/SocialSharing.m"; sourceTree = "<group>"; fileEncoding = 4; lastKnownFileType = sourcecode.c.objc; explicitFileType = undefined; includeInIndex = 0; };
		386CB4733D744349816AE19E /* NSString+SSURLEncoding.h */ = {isa = PBXFileReference; name = "NSString+SSURLEncoding.h"; path = "cordova-plugin-x-socialsharing/NSString+SSURLEncoding.h"; sourceTree = "<group>"; fileEncoding = 4; lastKnownFileType = sourcecode.c.h; explicitFileType = undefined; includeInIndex = 0; };
		61CEFEC890EB412F994FD8A4 /* SocialSharing.h */ = {isa = PBXFileReference; name = "SocialSharing.h"; path = "cordova-plugin-x-socialsharing/SocialSharing.h"; sourceTree = "<group>"; fileEncoding = 4; lastKnownFileType = sourcecode.c.h; explicitFileType = undefined; includeInIndex = 0; };
		719FF4CC92B24EF4B49365A2 /* Social.framework */ = {isa = PBXFileReference; name = "Social.framework"; path = "System/Library/Frameworks/Social.framework"; sourceTree = SDKROOT; fileEncoding = undefined; lastKnownFileType = wrapper.framework; explicitFileType = undefined; includeInIndex = 0; };
		D54787305F504A6E90BA2F95 /* MessageUI.framework */ = {isa = PBXFileReference; name = "MessageUI.framework"; path = "System/Library/Frameworks/MessageUI.framework"; sourceTree = SDKROOT; fileEncoding = undefined; lastKnownFileType = wrapper.framework; explicitFileType = undefined; includeInIndex = 0; };
		F3D852DCC7104AD58131966E /* TwitterConnect.m */ = {isa = PBXFileReference; name = "TwitterConnect.m"; path = "twitter-connect-plugin/TwitterConnect.m"; sourceTree = "<group>"; fileEncoding = 4; lastKnownFileType = sourcecode.c.objc; explicitFileType = undefined; includeInIndex = 0; };
		EBA90FBFE8424C54B80DD4EA /* TwitterConnect.h */ = {isa = PBXFileReference; name = "TwitterConnect.h"; path = "twitter-connect-plugin/TwitterConnect.h"; sourceTree = "<group>"; fileEncoding = 4; lastKnownFileType = sourcecode.c.h; explicitFileType = undefined; includeInIndex = 0; };
		A5FF84EA7EF348A2BCE1B875 /* TwitterKitResources.bundle */ = {isa = PBXFileReference; name = "TwitterKitResources.bundle"; path = "TwitterKitResources.bundle"; sourceTree = "<group>"; fileEncoding = undefined; lastKnownFileType = wrapper.plug-in; explicitFileType = undefined; includeInIndex = 0; };
		89BF6C4FF07B4A41A5371AA1 /* Fabric.framework */ = {isa = PBXFileReference; name = "Fabric.framework"; path = "Thirty/Plugins/twitter-connect-plugin/Fabric.framework"; sourceTree = "<group>"; fileEncoding = undefined; lastKnownFileType = wrapper.framework; explicitFileType = undefined; includeInIndex = 0; };
		93CDC0F8197D4729A674CA55 /* TwitterKit.framework */ = {isa = PBXFileReference; name = "TwitterKit.framework"; path = "Thirty/Plugins/twitter-connect-plugin/TwitterKit.framework"; sourceTree = "<group>"; fileEncoding = undefined; lastKnownFileType = wrapper.framework; explicitFileType = undefined; includeInIndex = 0; };
		44085BED2F9547BE80B7A910 /* TwitterCore.framework */ = {isa = PBXFileReference; name = "TwitterCore.framework"; path = "Thirty/Plugins/twitter-connect-plugin/TwitterCore.framework"; sourceTree = "<group>"; fileEncoding = undefined; lastKnownFileType = wrapper.framework; explicitFileType = undefined; includeInIndex = 0; };
		FC0EB27F6E924DBCAAF24ABA /* QuartzCore.framework */ = {isa = PBXFileReference; name = "QuartzCore.framework"; path = "System/Library/Frameworks/QuartzCore.framework"; sourceTree = SDKROOT; fileEncoding = undefined; lastKnownFileType = wrapper.framework; explicitFileType = undefined; includeInIndex = 0; };
		275E428D2F3D4FABA439A4A5 /* Accounts.framework */ = {isa = PBXFileReference; name = "Accounts.framework"; path = "System/Library/Frameworks/Accounts.framework"; sourceTree = SDKROOT; fileEncoding = undefined; lastKnownFileType = wrapper.framework; explicitFileType = undefined; includeInIndex = 0; };
		34EE873D7F2049AF8428D044 /* CoreData.framework */ = {isa = PBXFileReference; name = "CoreData.framework"; path = "System/Library/Frameworks/CoreData.framework"; sourceTree = SDKROOT; fileEncoding = undefined; lastKnownFileType = wrapper.framework; explicitFileType = undefined; includeInIndex = 0; };
		5F0655539E014799B3DD2F51 /* CDVStatusBar.m */ = {isa = PBXFileReference; name = "CDVStatusBar.m"; path = "cordova-plugin-statusbar/CDVStatusBar.m"; sourceTree = "<group>"; fileEncoding = 4; lastKnownFileType = sourcecode.c.objc; explicitFileType = undefined; includeInIndex = 0; };
		606A1CFF92F146EA81A2728D /* CDVStatusBar.h */ = {isa = PBXFileReference; name = "CDVStatusBar.h"; path = "cordova-plugin-statusbar/CDVStatusBar.h"; sourceTree = "<group>"; fileEncoding = 4; lastKnownFileType = sourcecode.c.h; explicitFileType = undefined; includeInIndex = 0; };
		6CB3CEDB560B426499BE1548 /* UIImage+CropScaleOrientation.m */ = {isa = PBXFileReference; name = "UIImage+CropScaleOrientation.m"; path = "cordova-plugin-camera/UIImage+CropScaleOrientation.m"; sourceTree = "<group>"; fileEncoding = 4; lastKnownFileType = sourcecode.c.objc; explicitFileType = undefined; includeInIndex = 0; };
		42D7FEA5639147C19322D815 /* CDVCamera.m */ = {isa = PBXFileReference; name = "CDVCamera.m"; path = "cordova-plugin-camera/CDVCamera.m"; sourceTree = "<group>"; fileEncoding = 4; lastKnownFileType = sourcecode.c.objc; explicitFileType = undefined; includeInIndex = 0; };
		7FB39AA3C5934B8BA7F11965 /* CDVJpegHeaderWriter.m */ = {isa = PBXFileReference; name = "CDVJpegHeaderWriter.m"; path = "cordova-plugin-camera/CDVJpegHeaderWriter.m"; sourceTree = "<group>"; fileEncoding = 4; lastKnownFileType = sourcecode.c.objc; explicitFileType = undefined; includeInIndex = 0; };
		48DDE1C51590434B9AF43C39 /* UIImage+CropScaleOrientation.h */ = {isa = PBXFileReference; name = "UIImage+CropScaleOrientation.h"; path = "cordova-plugin-camera/UIImage+CropScaleOrientation.h"; sourceTree = "<group>"; fileEncoding = 4; lastKnownFileType = sourcecode.c.h; explicitFileType = undefined; includeInIndex = 0; };
		CCDC7963224842AFA9224C37 /* CDVCamera.h */ = {isa = PBXFileReference; name = "CDVCamera.h"; path = "cordova-plugin-camera/CDVCamera.h"; sourceTree = "<group>"; fileEncoding = 4; lastKnownFileType = sourcecode.c.h; explicitFileType = undefined; includeInIndex = 0; };
		04805398E3AB47A1A62C0B51 /* CDVJpegHeaderWriter.h */ = {isa = PBXFileReference; name = "CDVJpegHeaderWriter.h"; path = "cordova-plugin-camera/CDVJpegHeaderWriter.h"; sourceTree = "<group>"; fileEncoding = 4; lastKnownFileType = sourcecode.c.h; explicitFileType = undefined; includeInIndex = 0; };
		E93A5E63A3D14D04999E3710 /* CDVExif.h */ = {isa = PBXFileReference; name = "CDVExif.h"; path = "cordova-plugin-camera/CDVExif.h"; sourceTree = "<group>"; fileEncoding = 4; lastKnownFileType = sourcecode.c.h; explicitFileType = undefined; includeInIndex = 0; };
		AF27CB0F0FB7424FBAF4CCEA /* ImageIO.framework */ = {isa = PBXFileReference; name = "ImageIO.framework"; path = "System/Library/Frameworks/ImageIO.framework"; sourceTree = SDKROOT; fileEncoding = undefined; lastKnownFileType = wrapper.framework; explicitFileType = undefined; includeInIndex = 0; };
		F506B4494DE34E71B0ED81D0 /* CoreLocation.framework */ = {isa = PBXFileReference; name = "CoreLocation.framework"; path = "System/Library/Frameworks/CoreLocation.framework"; sourceTree = SDKROOT; fileEncoding = undefined; lastKnownFileType = wrapper.framework; explicitFileType = undefined; includeInIndex = 0; };
		843B02B420F84100AF75E2C3 /* AVFoundation.framework */ = {isa = PBXFileReference; name = "AVFoundation.framework"; path = "System/Library/Frameworks/AVFoundation.framework"; sourceTree = SDKROOT; fileEncoding = undefined; lastKnownFileType = wrapper.framework; explicitFileType = undefined; includeInIndex = 0; };
/* End PBXFileReference section */

/* Begin PBXFrameworksBuildPhase section */
		1D60588F0D05DD3D006BFB54 /* Frameworks */ = {
			isa = PBXFrameworksBuildPhase;
			buildActionMask = 2147483647;
			files = (
				301BF552109A68D80062928A /* libCordova.a in Frameworks */,
				EE82DD44CA0F4DED8A4F7729 /* libz.tbd in Frameworks */,
				77422BA05FCD481084E15F7C /* Bolts.framework in Frameworks */,
				EC71C2DF18784EC4AE15419D /* FBSDKCoreKit.framework in Frameworks */,
				5A5BA6494082495C8D7C11F5 /* FBSDKLoginKit.framework in Frameworks */,
				E45D1E69FBA246DE9ACFE7EF /* FBSDKShareKit.framework in Frameworks */,
				5AFCD8348DA5401897946B7E /* FirebaseAnalytics.framework in Frameworks */,
				22624601AF2F455DA87E9633 /* FirebaseCore.framework in Frameworks */,
				F7C35843935C43E182DE2826 /* FirebaseCoreDiagnostics.framework in Frameworks */,
				F9182A20B5F742F0A7A888FA /* FirebaseInstanceID.framework in Frameworks */,
				1D13AF7E1903440FACEA4F60 /* FirebaseNanoPB.framework in Frameworks */,
				598A21A2E1D946D690276966 /* GoogleToolboxForMac.framework in Frameworks */,
				40665F89F77746478EF43807 /* Protobuf.framework in Frameworks */,
				1B7EDA973880403BA5CA49A1 /* FirebaseMessaging.framework in Frameworks */,
				F410AA28DF694B9C9144732F /* FirebaseCrash.framework in Frameworks */,
				3FD1C2E7D993425BBD3B5489 /* FirebaseRemoteConfig.framework in Frameworks */,
				F9ECCADF83934D2C8F35FC81 /* FirebaseAuth.framework in Frameworks */,
				248DF90C5E844C9582CDE95A /* GTMSessionFetcher.framework in Frameworks */,
				C5933E9FCFA04810B02DA247 /* GoogleAppUtilities.framework in Frameworks */,
				0F64B4F2C2E441FABDC43ECD /* GoogleAuthUtilities.framework in Frameworks */,
				D195F03FFE7E40D8AA50B36D /* GoogleNetworkingUtilities.framework in Frameworks */,
				57227205398F4CC8B40A6A6D /* GoogleSignIn.framework in Frameworks */,
				098B22AB038E48669E7F21D3 /* GoogleSymbolUtilities.framework in Frameworks */,
				87CB2D8A99F04CB6BABC430B /* GoogleUtilities.framework in Frameworks */,
				F730E68A59C748188F5AD7E1 /* AddressBook.framework in Frameworks */,
				0F1C7C1E600645999DCEECD1 /* CoreText.framework in Frameworks */,
				AA0CF0EC797B424C9F67BDFD /* SafariServices.framework in Frameworks */,
				D02C8D3B8A804B769240467B /* Security.framework in Frameworks */,
				737E8CC211484C89ABD81821 /* SystemConfiguration.framework in Frameworks */,
				34F702D8EA3A431F9DB2A336 /* libz.dylib in Frameworks */,
				D7C2DAB43FC64631B02EE51A /* AudioToolbox.framework in Frameworks */,
				D545A1905B094288A52EB320 /* CoreTelephony.framework in Frameworks */,
				88D8DCE90731419B84F41C74 /* GCDWebServer.framework in Frameworks */,
				B66BE2FE8EC944D0B43BABB6 /* CFNetwork.framework in Frameworks */,
				7B6DA3BF3800452DA4871B4A /* Social.framework in Frameworks */,
				F2F0EB0A10FA4BD69D25B38B /* MessageUI.framework in Frameworks */,
				897FCC2AE91943D58AA30C0E /* Fabric.framework in Frameworks */,
				52A6E232C09D4811ADEF7B70 /* TwitterKit.framework in Frameworks */,
				C5F7162DDD984C02982B22B3 /* TwitterCore.framework in Frameworks */,
				718ED05A779248408DC56182 /* QuartzCore.framework in Frameworks */,
				0FFF08D23EEF4101AB6E43C1 /* Accounts.framework in Frameworks */,
				AA66D47576FC4A589BB88289 /* CoreData.framework in Frameworks */,
				576113B954444B0CB1862803 /* ImageIO.framework in Frameworks */,
				4B27D241306B4E8C9BA896E1 /* CoreLocation.framework in Frameworks */,
				F8056E67DD45493FACDF7392 /* AVFoundation.framework in Frameworks */,
			);
			runOnlyForDeploymentPostprocessing = 0;
		};
/* End PBXFrameworksBuildPhase section */

/* Begin PBXGroup section */
		080E96DDFE201D6D7F000001 /* Classes */ = {
			isa = PBXGroup;
			children = (
				302D95EE14D2391D003F00A1 /* MainViewController.h */,
				302D95EF14D2391D003F00A1 /* MainViewController.m */,
				302D95F014D2391D003F00A1 /* MainViewController.xib */,
				1D3623240D0F684500981E51 /* AppDelegate.h */,
				1D3623250D0F684500981E51 /* AppDelegate.m */,
			);
			name = Classes;
			path = "Thirty/Classes";
			sourceTree = SOURCE_ROOT;
		};
		19C28FACFE9D520D11CA2CBB /* Products */ = {
			isa = PBXGroup;
			children = (
				1D6058910D05DD3D006BFB54 /* Thirty.app */,
			);
			name = Products;
			sourceTree = "<group>";
		};
		29B97314FDCFA39411CA2CEA /* CustomTemplate */ = {
			isa = PBXGroup;
			children = (
				EB87FDF41871DAF40020F90C /* config.xml */,
				EB87FDF31871DA8E0020F90C /* www */,
				EB87FDF11871DA420020F90C /* Staging */,
				301BF52D109A57CC0062928A /* CordovaLib.xcodeproj */,
				080E96DDFE201D6D7F000001 /* Classes */,
				307C750510C5A3420062BCA9 /* Plugins */,
				29B97315FDCFA39411CA2CEA /* Other Sources */,
				29B97317FDCFA39411CA2CEA /* Resources */,
				29B97323FDCFA39411CA2CEA /* Frameworks */,
				19C28FACFE9D520D11CA2CBB /* Products */,
			);
			name = CustomTemplate;
			sourceTree = "<group>";
		};
		29B97315FDCFA39411CA2CEA /* Other Sources */ = {
			isa = PBXGroup;
			children = (
				32CA4F630368D1EE00C91783 /* Thirty-Prefix.pch */,
				29B97316FDCFA39411CA2CEA /* main.m */,
				ED33DF2A687741AEAF9F8254 /* Bridging-Header.h */,
			);
			name = "Other Sources";
			path = "Thirty";
			sourceTree = "<group>";
		};
		29B97317FDCFA39411CA2CEA /* Resources */ = {
			isa = PBXGroup;
			children = (
				0207DA571B56EA530066E2B4 /* Images.xcassets */,
				3047A50E1AB8057F00498E2A /* config */,
				8D1107310486CEB800E47090 /* Thirty-Info.plist */,
				6AFF5BF81D6E424B00AB3073 /* CDVLaunchScreen.storyboard */,
				32708289FE7C4DE3A66EBA84 /* GoogleService-Info.plist */,
				A5FF84EA7EF348A2BCE1B875 /* TwitterKitResources.bundle */,
			);
			name = Resources;
			path = "Thirty/Resources";
			sourceTree = "<group>";
		};
		29B97323FDCFA39411CA2CEA /* Frameworks */ = {
			isa = PBXGroup;
			children = (
				BAD57807A4784B2F9813C180 /* libz.tbd */,
				E1D120A99F3F4697AE4DA1AA /* Bolts.framework */,
				E57710D1AFBF4CEE9871DE94 /* FBSDKCoreKit.framework */,
				CEF5CB2FC2DD4E5B81E7C060 /* FBSDKLoginKit.framework */,
				3DA7DF89656F42E9BAFABC9A /* FBSDKShareKit.framework */,
				DDFEB05353D24924B1EBA38D /* FirebaseAnalytics.framework */,
				76F97871353440D3AD097BB3 /* FirebaseCore.framework */,
				025B037973BD47A4BF1AD164 /* FirebaseCoreDiagnostics.framework */,
				0AD6A19F361B40C4867D7B1D /* FirebaseInstanceID.framework */,
				FE6AFCEE884B43A7BBBDD24B /* FirebaseNanoPB.framework */,
				E45D7869A4DD421EA5C48677 /* GoogleToolboxForMac.framework */,
				D5F425EC12EE477D9DF07249 /* Protobuf.framework */,
				0B367C2397B5416E9BA86B69 /* FirebaseMessaging.framework */,
				E639311AD8784640B5CDF8BF /* FirebaseCrash.framework */,
				F533076F60CC417E8D6BF48C /* FirebaseRemoteConfig.framework */,
				33280A2593EE45B6B922402B /* FirebaseAuth.framework */,
				7932F622B3DB40C0AD643D26 /* GTMSessionFetcher.framework */,
				82C9A5DE09334726844892D0 /* GoogleAppUtilities.framework */,
				37C13B238B7549E7A48C809B /* GoogleAuthUtilities.framework */,
				702CD2AB4C524CEA8B78FDF1 /* GoogleNetworkingUtilities.framework */,
				59F2C67AC6BF441B841B92B2 /* GoogleSignIn.framework */,
				C22C9FD8D2E2431B992E094F /* GoogleSymbolUtilities.framework */,
				F77CC332FF9446D9827BA2ED /* GoogleUtilities.framework */,
				8CEBB016AF4B43A68ED18FA4 /* AddressBook.framework */,
				0D03A0ED95BD4E3685AD2D03 /* CoreText.framework */,
				72D30AF90FF34D67A55B8274 /* SafariServices.framework */,
				C62D9FC614D24BF8881F7616 /* Security.framework */,
				BF3D7A9C9C134F78AF7AB89B /* SystemConfiguration.framework */,
				9234CC3289E248B094C5AA4F /* libz.dylib */,
				FCC21406AFDE4E938D13FA59 /* AudioToolbox.framework */,
				427A3D43F59E414FB1C4AFDB /* CoreTelephony.framework */,
				889BDAA2387F467FB0DEA599 /* GCDWebServer.framework */,
				34A2B27FA5F64A14A299F43D /* CFNetwork.framework */,
				719FF4CC92B24EF4B49365A2 /* Social.framework */,
				D54787305F504A6E90BA2F95 /* MessageUI.framework */,
				89BF6C4FF07B4A41A5371AA1 /* Fabric.framework */,
				93CDC0F8197D4729A674CA55 /* TwitterKit.framework */,
				44085BED2F9547BE80B7A910 /* TwitterCore.framework */,
				FC0EB27F6E924DBCAAF24ABA /* QuartzCore.framework */,
				275E428D2F3D4FABA439A4A5 /* Accounts.framework */,
				34EE873D7F2049AF8428D044 /* CoreData.framework */,
				AF27CB0F0FB7424FBAF4CCEA /* ImageIO.framework */,
				F506B4494DE34E71B0ED81D0 /* CoreLocation.framework */,
				843B02B420F84100AF75E2C3 /* AVFoundation.framework */,
			);
			name = Frameworks;
			sourceTree = "<group>";
		};
		301BF52E109A57CC0062928A /* Products */ = {
			isa = PBXGroup;
			children = (
				301BF535109A57CC0062928A /* libCordova.a */,
			);
			name = Products;
			sourceTree = "<group>";
		};
		3047A50E1AB8057F00498E2A /* config */ = {
			isa = PBXGroup;
			children = (
				3047A50F1AB8059700498E2A /* build-debug.xcconfig */,
				3047A5101AB8059700498E2A /* build-release.xcconfig */,
				3047A5111AB8059700498E2A /* build.xcconfig */,
			);
			name = config;
			sourceTree = "<group>";
		};
		307C750510C5A3420062BCA9 /* Plugins */ = {
			isa = PBXGroup;
			children = (
				8A184B1D76D9486D9B37998E /* CDVDevice.m */,
				E50B87D708524BEAB38A8298 /* CDVDevice.h */,
				A6201E0E5FA1454FAFA3FB0A /* FacebookConnectPlugin.m */,
				B7D5101FEE004A9DA5F7940B /* FacebookConnectPlugin.h */,
				6C2231162204401C90D8A8B5 /* AppDelegate+FirebasePlugin.m */,
				B3C13148DF3A4D44B8CC6D89 /* FirebasePlugin.m */,
				6726317C4E8844F99E3413B9 /* AppDelegate+FirebasePlugin.h */,
				C7B75BE71F0D41B48D6AA60B /* FirebasePlugin.h */,
				A457400DA85445609B1BB9A3 /* Firebase.h */,
				728C835407C24B14AF3E020C /* GooglePlus.m */,
				16E2FC66DF794A39BD063790 /* GooglePlus.h */,
				89AE72B2BEB0467482C61C26 /* NativeClick.m */,
				552A78419886417CA333D7A0 /* NativeClick.h */,
				F9DABEECDAB44A5EA7744823 /* CDVConnection.m */,
				9B270311FB564C31B614564F /* CDVReachability.m */,
				7688AED93E6E47D5B1E4E881 /* CDVConnection.h */,
				3986B843D5E643F8871DCEFB /* CDVReachability.h */,
				1D2512835E604A4CBE45D1E5 /* CDVSplashScreen.m */,
				63DBC08BF57A4257B3DA9F12 /* CDVViewController+SplashScreen.m */,
				878CA81794C548F78F62479E /* CDVSplashScreen.h */,
				AB30A7CB687843E599BC4B36 /* CDVViewController+SplashScreen.h */,
				71A26F16B1554DD6B7A8D09D /* NSString+SSURLEncoding.m */,
				8FCE31D5D1A2447DA12E575B /* SocialSharing.m */,
				386CB4733D744349816AE19E /* NSString+SSURLEncoding.h */,
				61CEFEC890EB412F994FD8A4 /* SocialSharing.h */,
				F3D852DCC7104AD58131966E /* TwitterConnect.m */,
				EBA90FBFE8424C54B80DD4EA /* TwitterConnect.h */,
				5F0655539E014799B3DD2F51 /* CDVStatusBar.m */,
				606A1CFF92F146EA81A2728D /* CDVStatusBar.h */,
				6CB3CEDB560B426499BE1548 /* UIImage+CropScaleOrientation.m */,
				42D7FEA5639147C19322D815 /* CDVCamera.m */,
				7FB39AA3C5934B8BA7F11965 /* CDVJpegHeaderWriter.m */,
				48DDE1C51590434B9AF43C39 /* UIImage+CropScaleOrientation.h */,
				CCDC7963224842AFA9224C37 /* CDVCamera.h */,
				04805398E3AB47A1A62C0B51 /* CDVJpegHeaderWriter.h */,
				E93A5E63A3D14D04999E3710 /* CDVExif.h */,
			);
			name = Plugins;
			path = "Thirty/Plugins";
			sourceTree = SOURCE_ROOT;
		};
		EB87FDF11871DA420020F90C /* Staging */ = {
			isa = PBXGroup;
			children = (
				F840E1F0165FE0F500CFE078 /* config.xml */,
				301BF56E109A69640062928A /* www */,
			);
			name = Staging;
			sourceTree = "<group>";
		};
/* End PBXGroup section */

/* Begin PBXNativeTarget section */
		1D6058900D05DD3D006BFB54 /* Thirty */ = {
			isa = PBXNativeTarget;
			buildConfigurationList = 1D6058960D05DD3E006BFB54 /* Build configuration list for PBXNativeTarget "Thirty" */;
			buildPhases = (
				304B58A110DAC018002A0835 /* Copy www directory */,
				1D60588D0D05DD3D006BFB54 /* Resources */,
				1D60588E0D05DD3D006BFB54 /* Sources */,
				1D60588F0D05DD3D006BFB54 /* Frameworks */,
			);
			buildRules = (
			);
			dependencies = (
				301BF551109A68C00062928A /* PBXTargetDependency */,
			);
			name = "Thirty";
			productName = "Thirty";
			productReference = 1D6058910D05DD3D006BFB54 /* Thirty.app */;
			productType = "com.apple.product-type.application";
		};
/* End PBXNativeTarget section */

/* Begin PBXProject section */
		29B97313FDCFA39411CA2CEA /* Project object */ = {
			isa = PBXProject;
			attributes = {
				LastUpgradeCheck = 510;
			};
			buildConfigurationList = C01FCF4E08A954540054247B /* Build configuration list for PBXProject "__NON-CLI__" */;
			compatibilityVersion = "Xcode 3.2";
			developmentRegion = English;
			hasScannedForEncodings = 1;
			mainGroup = 29B97314FDCFA39411CA2CEA /* CustomTemplate */;
			projectDirPath = "";
			projectReferences = (
				{
					ProductGroup = 301BF52E109A57CC0062928A /* Products */;
					ProjectRef = 301BF52D109A57CC0062928A /* CordovaLib.xcodeproj */;
				},
			);
			projectRoot = "";
			targets = (
				1D6058900D05DD3D006BFB54 /* Thirty */,
			);
		};
/* End PBXProject section */

/* Begin PBXReferenceProxy section */
		301BF535109A57CC0062928A /* libCordova.a */ = {
			isa = PBXReferenceProxy;
			fileType = archive.ar;
			path = libCordova.a;
			remoteRef = 301BF534109A57CC0062928A /* PBXContainerItemProxy */;
			sourceTree = BUILT_PRODUCTS_DIR;
		};
/* End PBXReferenceProxy section */

/* Begin PBXResourcesBuildPhase section */
		1D60588D0D05DD3D006BFB54 /* Resources */ = {
			isa = PBXResourcesBuildPhase;
			buildActionMask = 2147483647;
			files = (
				302D95F214D2391D003F00A1 /* MainViewController.xib in Resources */,
				0207DA581B56EA530066E2B4 /* Images.xcassets in Resources */,
				6AFF5BF91D6E424B00AB3073 /* CDVLaunchScreen.storyboard in Resources */,
				B5E8961FD4654B528909E546 /* GoogleService-Info.plist in Resources */,
				8A7819D9783146CDA93B3392 /* TwitterKitResources.bundle in Resources */,
			);
			runOnlyForDeploymentPostprocessing = 0;
		};
/* End PBXResourcesBuildPhase section */

/* Begin PBXShellScriptBuildPhase section */
		304B58A110DAC018002A0835 /* Copy www directory */ = {
			isa = PBXShellScriptBuildPhase;
			buildActionMask = 2147483647;
			files = (
			);
			inputPaths = (
			);
			name = "Copy www directory";
			outputPaths = (
			);
			runOnlyForDeploymentPostprocessing = 0;
			shellPath = /bin/sh;
			shellScript = "NODEJS_PATH=/usr/local/bin; NVM_NODE_PATH=~/.nvm/versions/node/`nvm version 2>/dev/null`/bin; N_NODE_PATH=`find /usr/local/n/versions/node/* -maxdepth 0 -type d 2>/dev/null | tail -1`/bin; XCODE_NODE_PATH=`xcode-select --print-path`/usr/share/xcs/Node/bin; PATH=$NODEJS_PATH:$NVM_NODE_PATH:$N_NODE_PATH:$XCODE_NODE_PATH:$PATH && node cordova/lib/copy-www-build-step.js";
			showEnvVarsInLog = 0;
		};
/* End PBXShellScriptBuildPhase section */

/* Begin PBXSourcesBuildPhase section */
		1D60588E0D05DD3D006BFB54 /* Sources */ = {
			isa = PBXSourcesBuildPhase;
			buildActionMask = 2147483647;
			files = (
				1D60589B0D05DD56006BFB54 /* main.m in Sources */,
				1D3623260D0F684500981E51 /* AppDelegate.m in Sources */,
				302D95F114D2391D003F00A1 /* MainViewController.m in Sources */,
				105171B717F2498EBA7D0357 /* CDVDevice.m in Sources */,
				8F887AAF8510450B8319D189 /* FacebookConnectPlugin.m in Sources */,
				2EEA4210C3C6450F9E98F714 /* AppDelegate+FirebasePlugin.m in Sources */,
				F76B371358DA490DAD50C572 /* FirebasePlugin.m in Sources */,
				ADED99F6E63C467D92529182 /* GooglePlus.m in Sources */,
				1B5BE6E1025B45BBB3E7DFD9 /* NativeClick.m in Sources */,
				0007BE2526C84003AE12A7F3 /* CDVConnection.m in Sources */,
				C5D9CD2DC76A4FDDB4159D8A /* CDVReachability.m in Sources */,
				7B5371E86D6E44119DE48BB7 /* CDVSplashScreen.m in Sources */,
				385BD8D9CE3D40B0BB3E9356 /* CDVViewController+SplashScreen.m in Sources */,
				B278E6762E4942549276C382 /* NSString+SSURLEncoding.m in Sources */,
				94C072E2033A4B01BAF8CE82 /* SocialSharing.m in Sources */,
				C0433F5B707F49048423B16E /* TwitterConnect.m in Sources */,
				932774B4372F47D6832398DC /* CDVStatusBar.m in Sources */,
				9C7F0182B7A74323BA39B12B /* UIImage+CropScaleOrientation.m in Sources */,
				600B264D79D946D69C7150A6 /* CDVCamera.m in Sources */,
				25DEDEB275684905B1EDAA16 /* CDVJpegHeaderWriter.m in Sources */,
			);
			runOnlyForDeploymentPostprocessing = 0;
		};
/* End PBXSourcesBuildPhase section */

/* Begin PBXTargetDependency section */
		301BF551109A68C00062928A /* PBXTargetDependency */ = {
			isa = PBXTargetDependency;
			name = CordovaLib;
			targetProxy = 301BF550109A68C00062928A /* PBXContainerItemProxy */;
		};
/* End PBXTargetDependency section */

/* Begin XCBuildConfiguration section */
		1D6058940D05DD3E006BFB54 /* Debug */ = {
			isa = XCBuildConfiguration;
			baseConfigurationReference = 3047A50F1AB8059700498E2A /* build-debug.xcconfig */;
			buildSettings = {
				ALWAYS_SEARCH_USER_PATHS = NO;
				ASSETCATALOG_COMPILER_APPICON_NAME = AppIcon;
				ASSETCATALOG_COMPILER_LAUNCHIMAGE_NAME = LaunchImage;
				CLANG_ENABLE_MODULES = YES;
				CLANG_ENABLE_OBJC_ARC = YES;
				COPY_PHASE_STRIP = NO;
				GCC_DYNAMIC_NO_PIC = NO;
				GCC_OPTIMIZATION_LEVEL = 0;
				GCC_PRECOMPILE_PREFIX_HEADER = YES;
				GCC_PREFIX_HEADER = "Thirty/Thirty-Prefix.pch";
				GCC_THUMB_SUPPORT = NO;
				GCC_VERSION = "";
				INFOPLIST_FILE = "Thirty/Thirty-Info.plist";
				IPHONEOS_DEPLOYMENT_TARGET = 9.0;
				LD_RUNPATH_SEARCH_PATHS = "@executable_path/Frameworks";
				TARGETED_DEVICE_FAMILY = "1,2";
				PRODUCT_NAME = "Thirty";
				FRAMEWORK_SEARCH_PATHS = (
					"$(inherited)",
					"\"Thirty/Plugins/cordova-plugin-facebook4\"",
					"\"Thirty/Plugins/cordova-plugin-facebook4\"",
					"\"Thirty/Plugins/cordova-plugin-facebook4\"",
					"\"Thirty/Plugins/cordova-plugin-facebook4\"",
					"\"Thirty/Plugins/cordova-plugin-firebase\"",
					"\"Thirty/Plugins/cordova-plugin-firebase\"",
					"\"Thirty/Plugins/cordova-plugin-firebase\"",
					"\"Thirty/Plugins/cordova-plugin-firebase\"",
					"\"Thirty/Plugins/cordova-plugin-firebase\"",
					"\"Thirty/Plugins/cordova-plugin-firebase\"",
					"\"Thirty/Plugins/cordova-plugin-firebase\"",
					"\"Thirty/Plugins/cordova-plugin-firebase\"",
					"\"Thirty/Plugins/cordova-plugin-firebase\"",
					"\"Thirty/Plugins/cordova-plugin-firebase\"",
					"\"Thirty/Plugins/cordova-plugin-firebase\"",
					"\"Thirty/Plugins/cordova-plugin-firebase\"",
					"\"Thirty/Plugins/cordova-plugin-googleplus\"",
					"\"Thirty/Plugins/cordova-plugin-googleplus\"",
					"\"Thirty/Plugins/cordova-plugin-googleplus\"",
					"\"Thirty/Plugins/cordova-plugin-googleplus\"",
					"\"Thirty/Plugins/cordova-plugin-googleplus\"",
					"\"Thirty/Plugins/cordova-plugin-googleplus\"",
					"\"Thirty/Plugins/cordova-plugin-webserver\"",
					"\"Thirty/Plugins/twitter-connect-plugin\"",
					"\"Thirty/Plugins/twitter-connect-plugin\"",
					"\"Thirty/Plugins/twitter-connect-plugin\"",
				);
			};
			name = Debug;
		};
		1D6058950D05DD3E006BFB54 /* Release */ = {
			isa = XCBuildConfiguration;
			baseConfigurationReference = 3047A5101AB8059700498E2A /* build-release.xcconfig */;
			buildSettings = {
				ALWAYS_SEARCH_USER_PATHS = NO;
				ASSETCATALOG_COMPILER_APPICON_NAME = AppIcon;
				ASSETCATALOG_COMPILER_LAUNCHIMAGE_NAME = LaunchImage;
				CLANG_ENABLE_MODULES = YES;
				CLANG_ENABLE_OBJC_ARC = YES;
				COPY_PHASE_STRIP = YES;
				GCC_PRECOMPILE_PREFIX_HEADER = YES;
				GCC_PREFIX_HEADER = "Thirty/Thirty-Prefix.pch";
				GCC_THUMB_SUPPORT = NO;
				GCC_VERSION = "";
				INFOPLIST_FILE = "Thirty/Thirty-Info.plist";
				IPHONEOS_DEPLOYMENT_TARGET = 9.0;
				LD_RUNPATH_SEARCH_PATHS = "@executable_path/Frameworks";
				TARGETED_DEVICE_FAMILY = "1,2";
				PRODUCT_NAME = "Thirty";
				FRAMEWORK_SEARCH_PATHS = (
					"$(inherited)",
					"\"Thirty/Plugins/cordova-plugin-facebook4\"",
					"\"Thirty/Plugins/cordova-plugin-facebook4\"",
					"\"Thirty/Plugins/cordova-plugin-facebook4\"",
					"\"Thirty/Plugins/cordova-plugin-facebook4\"",
					"\"Thirty/Plugins/cordova-plugin-firebase\"",
					"\"Thirty/Plugins/cordova-plugin-firebase\"",
					"\"Thirty/Plugins/cordova-plugin-firebase\"",
					"\"Thirty/Plugins/cordova-plugin-firebase\"",
					"\"Thirty/Plugins/cordova-plugin-firebase\"",
					"\"Thirty/Plugins/cordova-plugin-firebase\"",
					"\"Thirty/Plugins/cordova-plugin-firebase\"",
					"\"Thirty/Plugins/cordova-plugin-firebase\"",
					"\"Thirty/Plugins/cordova-plugin-firebase\"",
					"\"Thirty/Plugins/cordova-plugin-firebase\"",
					"\"Thirty/Plugins/cordova-plugin-firebase\"",
					"\"Thirty/Plugins/cordova-plugin-firebase\"",
					"\"Thirty/Plugins/cordova-plugin-googleplus\"",
					"\"Thirty/Plugins/cordova-plugin-googleplus\"",
					"\"Thirty/Plugins/cordova-plugin-googleplus\"",
					"\"Thirty/Plugins/cordova-plugin-googleplus\"",
					"\"Thirty/Plugins/cordova-plugin-googleplus\"",
					"\"Thirty/Plugins/cordova-plugin-googleplus\"",
					"\"Thirty/Plugins/cordova-plugin-webserver\"",
					"\"Thirty/Plugins/twitter-connect-plugin\"",
					"\"Thirty/Plugins/twitter-connect-plugin\"",
					"\"Thirty/Plugins/twitter-connect-plugin\"",
				);
			};
			name = Release;
		};
		C01FCF4F08A954540054247B /* Debug */ = {
			isa = XCBuildConfiguration;
			baseConfigurationReference = 3047A5111AB8059700498E2A /* build.xcconfig */;
			buildSettings = {
				CLANG_ENABLE_MODULES = YES;
				CLANG_ENABLE_OBJC_ARC = YES;
				CLANG_WARN_BOOL_CONVERSION = YES;
				CLANG_WARN_CONSTANT_CONVERSION = YES;
				CLANG_WARN_EMPTY_BODY = YES;
				CLANG_WARN_ENUM_CONVERSION = YES;
				CLANG_WARN_INT_CONVERSION = YES;
				CLANG_WARN__DUPLICATE_METHOD_MATCH = YES;
				GCC_C_LANGUAGE_STANDARD = c99;
				GCC_THUMB_SUPPORT = NO;
				GCC_VERSION = "";
				GCC_WARN_ABOUT_RETURN_TYPE = YES;
				GCC_WARN_UNDECLARED_SELECTOR = YES;
				GCC_WARN_UNINITIALIZED_AUTOS = YES;
				GCC_WARN_UNUSED_FUNCTION = YES;
				GCC_WARN_UNUSED_VARIABLE = YES;
				ONLY_ACTIVE_ARCH = YES;
				SDKROOT = iphoneos;
				SKIP_INSTALL = NO;
				ASSETCATALOG_COMPILER_LAUNCHIMAGE_NAME = LaunchImage;
			};
			name = Debug;
		};
		C01FCF5008A954540054247B /* Release */ = {
			isa = XCBuildConfiguration;
			baseConfigurationReference = 3047A5111AB8059700498E2A /* build.xcconfig */;
			buildSettings = {
				CLANG_ENABLE_MODULES = YES;
				CLANG_ENABLE_OBJC_ARC = YES;
				CLANG_WARN_BOOL_CONVERSION = YES;
				CLANG_WARN_CONSTANT_CONVERSION = YES;
				CLANG_WARN_EMPTY_BODY = YES;
				CLANG_WARN_ENUM_CONVERSION = YES;
				CLANG_WARN_INT_CONVERSION = YES;
				CLANG_WARN__DUPLICATE_METHOD_MATCH = YES;
				GCC_C_LANGUAGE_STANDARD = c99;
				GCC_THUMB_SUPPORT = NO;
				GCC_VERSION = "";
				GCC_WARN_ABOUT_RETURN_TYPE = YES;
				GCC_WARN_UNDECLARED_SELECTOR = YES;
				GCC_WARN_UNINITIALIZED_AUTOS = YES;
				GCC_WARN_UNUSED_FUNCTION = YES;
				GCC_WARN_UNUSED_VARIABLE = YES;
				SDKROOT = iphoneos;
				SKIP_INSTALL = NO;
				ASSETCATALOG_COMPILER_LAUNCHIMAGE_NAME = LaunchImage;
			};
			name = Release;
		};
/* End XCBuildConfiguration section */

/* Begin XCConfigurationList section */
		1D6058960D05DD3E006BFB54 /* Build configuration list for PBXNativeTarget "Thirty" */ = {
			isa = XCConfigurationList;
			buildConfigurations = (
				1D6058940D05DD3E006BFB54 /* Debug */,
				1D6058950D05DD3E006BFB54 /* Release */,
			);
			defaultConfigurationIsVisible = 0;
			defaultConfigurationName = Release;
		};
		C01FCF4E08A954540054247B /* Build configuration list for PBXProject "__NON-CLI__" */ = {
			isa = XCConfigurationList;
			buildConfigurations = (
				C01FCF4F08A954540054247B /* Debug */,
				C01FCF5008A954540054247B /* Release */,
			);
			defaultConfigurationIsVisible = 0;
			defaultConfigurationName = Release;
		};
/* End XCConfigurationList section */
	};
	rootObject = 29B97313FDCFA39411CA2CEA /* Project object */;
}
